// !$*UTF8*$!
{
	archiveVersion = 1;
	classes = {
	};
	objectVersion = 46;
	objects = {

/* Begin PBXBuildFile section */
		3C0AC1511522C34500872B70 /* ofxGenericPlatform.cpp in Sources */ = {isa = PBXBuildFile; fileRef = 3C0AC1501522C34500872B70 /* ofxGenericPlatform.cpp */; };
		3C0B9F9E1571F9FA009F61BE /* ofxGenericCameraPreviewView.cpp in Sources */ = {isa = PBXBuildFile; fileRef = 3C0B9F9D1571F9FA009F61BE /* ofxGenericCameraPreviewView.cpp */; };
		3C0B9FAC1571FB07009F61BE /* AVFoundation.framework in Frameworks */ = {isa = PBXBuildFile; fileRef = 3C7B4F1814FD4E1C003121FE /* AVFoundation.framework */; };
		3C16BB2415C7B8AF0062017A /* ofxGenericMicrophone.cpp in Sources */ = {isa = PBXBuildFile; fileRef = 3C16BB2315C7B8AF0062017A /* ofxGenericMicrophone.cpp */; };
		3C175687154527EF00B429E8 /* ofxGenericSliderView.cpp in Sources */ = {isa = PBXBuildFile; fileRef = 3C175686154527EF00B429E8 /* ofxGenericSliderView.cpp */; };
		3C17BC04150AA08E00DA1034 /* ofxGenericActivityView.cpp in Sources */ = {isa = PBXBuildFile; fileRef = 3C17BC03150AA08E00DA1034 /* ofxGenericActivityView.cpp */; };
		3C1E7B441508288D007B6723 /* ofxGenericLaunchView.cpp in Sources */ = {isa = PBXBuildFile; fileRef = 3C1E7B421508288D007B6723 /* ofxGenericLaunchView.cpp */; };
		3C1E7B451508288D007B6723 /* ofxGenericLaunchView.h in Headers */ = {isa = PBXBuildFile; fileRef = 3C1E7B431508288D007B6723 /* ofxGenericLaunchView.h */; };
		3C2A68F3154374F400BDB696 /* ofxGenericOpenGLView.h in Headers */ = {isa = PBXBuildFile; fileRef = 3C2A68F2154374F400BDB696 /* ofxGenericOpenGLView.h */; };
		3C2A68F61543786700BDB696 /* ofxGenericOpenGLView.cpp in Sources */ = {isa = PBXBuildFile; fileRef = 3C2A68F51543786700BDB696 /* ofxGenericOpenGLView.cpp */; };
		3C2DB20A15474D8100000034 /* ofxGenericLocalization.cpp in Sources */ = {isa = PBXBuildFile; fileRef = 3C2DB20915474D8100000034 /* ofxGenericLocalization.cpp */; };
		3C3B1BA315CF71AC002A671A /* ofxGenericOAuthToken.cpp in Sources */ = {isa = PBXBuildFile; fileRef = 3C3B1BA115CF71AC002A671A /* ofxGenericOAuthToken.cpp */; };
		3C3B1BA415CF71AC002A671A /* ofxGenericOAuthToken.h in Headers */ = {isa = PBXBuildFile; fileRef = 3C3B1BA215CF71AC002A671A /* ofxGenericOAuthToken.h */; };
		3C3B1BAE15CF73F0002A671A /* ofxGenericOAuthGrantHTTPRequest.cpp in Sources */ = {isa = PBXBuildFile; fileRef = 3C3B1BA615CF73F0002A671A /* ofxGenericOAuthGrantHTTPRequest.cpp */; };
		3C3B1BAF15CF73F0002A671A /* ofxGenericOAuthGrantHTTPRequest.h in Headers */ = {isa = PBXBuildFile; fileRef = 3C3B1BA715CF73F0002A671A /* ofxGenericOAuthGrantHTTPRequest.h */; };
		3C3B1BB015CF73F0002A671A /* ofxGenericOAuthHTTPRequest.cpp in Sources */ = {isa = PBXBuildFile; fileRef = 3C3B1BA815CF73F0002A671A /* ofxGenericOAuthHTTPRequest.cpp */; };
		3C3B1BB115CF73F0002A671A /* ofxGenericOAuthHTTPRequest.h in Headers */ = {isa = PBXBuildFile; fileRef = 3C3B1BA915CF73F0002A671A /* ofxGenericOAuthHTTPRequest.h */; };
		3C3ECD5E15CF103C002A6B5C /* ofxGenericHTTPRequestHolder.cpp in Sources */ = {isa = PBXBuildFile; fileRef = 3C3ECD5D15CF103C002A6B5C /* ofxGenericHTTPRequestHolder.cpp */; };
		3C4B96EE15DCCCF8003D0B8C /* ofxGenericTableViewCell.cpp in Sources */ = {isa = PBXBuildFile; fileRef = 3C4B96ED15DCCCF8003D0B8C /* ofxGenericTableViewCell.cpp */; };
		3C4D9C0D1559E69900C02C92 /* ofxGenericTimer.cpp in Sources */ = {isa = PBXBuildFile; fileRef = 3C4D9C0C1559E69900C02C92 /* ofxGenericTimer.cpp */; };
		3C5336E0153F6A420046AFD8 /* OpenUDID.h in Headers */ = {isa = PBXBuildFile; fileRef = 3C5336DD153F6A420046AFD8 /* OpenUDID.h */; };
		3C5336E1153F6A420046AFD8 /* OpenUDID.m in Sources */ = {isa = PBXBuildFile; fileRef = 3C5336DE153F6A420046AFD8 /* OpenUDID.m */; };
		3C5336E7153F6ED60046AFD8 /* ofxGenericAppDelegate.h in Headers */ = {isa = PBXBuildFile; fileRef = 3C5336E2153F6ED60046AFD8 /* ofxGenericAppDelegate.h */; };
		3C5336E8153F6ED60046AFD8 /* ofxGenericAppDelegate.mm in Sources */ = {isa = PBXBuildFile; fileRef = 3C5336E3153F6ED60046AFD8 /* ofxGenericAppDelegate.mm */; };
		3C5336E9153F6ED60046AFD8 /* ofxGenericUtilityiOS.mm in Sources */ = {isa = PBXBuildFile; fileRef = 3C5336E4153F6ED60046AFD8 /* ofxGenericUtilityiOS.mm */; };
		3C5C788E15C7809F0099C59A /* ofxGenericFrameView.cpp in Sources */ = {isa = PBXBuildFile; fileRef = 3C5C788D15C7809F0099C59A /* ofxGenericFrameView.cpp */; };
		3C6D4B2B15584E4D004904CE /* ofxGenericSettings.cpp in Sources */ = {isa = PBXBuildFile; fileRef = 3C6D4B2A15584E4D004904CE /* ofxGenericSettings.cpp */; };
		3C7B4DDE14FC78A1003121FE /* Foundation.framework in Frameworks */ = {isa = PBXBuildFile; fileRef = 3C7B4DDD14FC78A1003121FE /* Foundation.framework */; };
		3C7B4EB514FC7CBF003121FE /* ofxAppGenericWindow.cpp in Sources */ = {isa = PBXBuildFile; fileRef = 3C7B4E8A14FC7CBF003121FE /* ofxAppGenericWindow.cpp */; };
		3C7B4EB614FC7CBF003121FE /* ofxAppGenericWindow.h in Headers */ = {isa = PBXBuildFile; fileRef = 3C7B4E8B14FC7CBF003121FE /* ofxAppGenericWindow.h */; };
		3C7B4EB714FC7CBF003121FE /* ofxGenericApp.cpp in Sources */ = {isa = PBXBuildFile; fileRef = 3C7B4E8C14FC7CBF003121FE /* ofxGenericApp.cpp */; };
		3C7B4EB814FC7CBF003121FE /* ofxGenericApp.h in Headers */ = {isa = PBXBuildFile; fileRef = 3C7B4E8D14FC7CBF003121FE /* ofxGenericApp.h */; };
		3C7B4EB914FC7CBF003121FE /* ofxGenericButtonView.cpp in Sources */ = {isa = PBXBuildFile; fileRef = 3C7B4E8E14FC7CBF003121FE /* ofxGenericButtonView.cpp */; };
		3C7B4EBA14FC7CBF003121FE /* ofxGenericButtonView.h in Headers */ = {isa = PBXBuildFile; fileRef = 3C7B4E8F14FC7CBF003121FE /* ofxGenericButtonView.h */; };
		3C7B4EBB14FC7CBF003121FE /* ofxGenericConstants.h in Headers */ = {isa = PBXBuildFile; fileRef = 3C7B4E9014FC7CBF003121FE /* ofxGenericConstants.h */; };
		3C7B4EBC14FC7CBF003121FE /* ofxGenericHTTPRequest.cpp in Sources */ = {isa = PBXBuildFile; fileRef = 3C7B4E9114FC7CBF003121FE /* ofxGenericHTTPRequest.cpp */; };
		3C7B4EBD14FC7CBF003121FE /* ofxGenericHTTPRequest.h in Headers */ = {isa = PBXBuildFile; fileRef = 3C7B4E9214FC7CBF003121FE /* ofxGenericHTTPRequest.h */; };
		3C7B4EC014FC7CBF003121FE /* ofxGenericImageView.cpp in Sources */ = {isa = PBXBuildFile; fileRef = 3C7B4E9514FC7CBF003121FE /* ofxGenericImageView.cpp */; };
		3C7B4EC114FC7CBF003121FE /* ofxGenericImageView.h in Headers */ = {isa = PBXBuildFile; fileRef = 3C7B4E9614FC7CBF003121FE /* ofxGenericImageView.h */; };
		3C7B4EC214FC7CBF003121FE /* ofxGenericTableView.cpp in Sources */ = {isa = PBXBuildFile; fileRef = 3C7B4E9714FC7CBF003121FE /* ofxGenericTableView.cpp */; };
		3C7B4EC314FC7CBF003121FE /* ofxGenericTableView.h in Headers */ = {isa = PBXBuildFile; fileRef = 3C7B4E9814FC7CBF003121FE /* ofxGenericTableView.h */; };
		3C7B4EC414FC7CBF003121FE /* ofxGenericTextView.cpp in Sources */ = {isa = PBXBuildFile; fileRef = 3C7B4E9914FC7CBF003121FE /* ofxGenericTextView.cpp */; };
		3C7B4EC514FC7CBF003121FE /* ofxGenericTextView.h in Headers */ = {isa = PBXBuildFile; fileRef = 3C7B4E9A14FC7CBF003121FE /* ofxGenericTextView.h */; };
		3C7B4EC614FC7CBF003121FE /* ofxGenericUI.h in Headers */ = {isa = PBXBuildFile; fileRef = 3C7B4E9B14FC7CBF003121FE /* ofxGenericUI.h */; };
		3C7B4EC714FC7CBF003121FE /* ofxGenericUtility.cpp in Sources */ = {isa = PBXBuildFile; fileRef = 3C7B4E9C14FC7CBF003121FE /* ofxGenericUtility.cpp */; };
		3C7B4EC814FC7CBF003121FE /* ofxGenericUtility.h in Headers */ = {isa = PBXBuildFile; fileRef = 3C7B4E9D14FC7CBF003121FE /* ofxGenericUtility.h */; };
		3C7B4EC914FC7CBF003121FE /* ofxGenericView.cpp in Sources */ = {isa = PBXBuildFile; fileRef = 3C7B4E9E14FC7CBF003121FE /* ofxGenericView.cpp */; };
		3C7B4ECA14FC7CBF003121FE /* ofxGenericView.h in Headers */ = {isa = PBXBuildFile; fileRef = 3C7B4E9F14FC7CBF003121FE /* ofxGenericView.h */; };
		3C8349F215C301410044DED3 /* ofxGenericAnimatedImageView.cpp in Sources */ = {isa = PBXBuildFile; fileRef = 3C8349F115C301410044DED3 /* ofxGenericAnimatedImageView.cpp */; };
		3C85FC60151149B7001F5854 /* ofxGenericScrollView.h in Headers */ = {isa = PBXBuildFile; fileRef = 3C85FC5F151149B7001F5854 /* ofxGenericScrollView.h */; };
		3C85FC6415114B1E001F5854 /* ofxGenericScrollView.cpp in Sources */ = {isa = PBXBuildFile; fileRef = 3C85FC6315114B1E001F5854 /* ofxGenericScrollView.cpp */; };
		3C96A11D16110F11000BA061 /* ofxGenericWebView.cpp in Sources */ = {isa = PBXBuildFile; fileRef = 3C96A11B16110F11000BA061 /* ofxGenericWebView.cpp */; };
		3C96A11E16110F11000BA061 /* ofxGenericWebView.h in Headers */ = {isa = PBXBuildFile; fileRef = 3C96A11C16110F11000BA061 /* ofxGenericWebView.h */; };
		3C9DAB4215F36137000F04AD /* libofxiPhone_iphoneos_Debug.a in Frameworks */ = {isa = PBXBuildFile; fileRef = 3CE94C7515E655F400E1BC73 /* libofxiPhone_iphoneos_Debug.a */; };
		3CA59B33153F4312008EE095 /* ofxGenericException.cpp in Sources */ = {isa = PBXBuildFile; fileRef = 3CA59B32153F4311008EE095 /* ofxGenericException.cpp */; };
		3CB572AD1596512C0060F9BE /* ofxGenericSelectorView.cpp in Sources */ = {isa = PBXBuildFile; fileRef = 3CB572AC1596512C0060F9BE /* ofxGenericSelectorView.cpp */; };
		3CC6222415AB930D009849CE /* ofxGenericUtilityiOS.h in Headers */ = {isa = PBXBuildFile; fileRef = 3CC6222315AB930D009849CE /* ofxGenericUtilityiOS.h */; };
		3CE4B910157D414F0058CC70 /* ofxGenericFont.cpp in Sources */ = {isa = PBXBuildFile; fileRef = 3CE4B90F157D414F0058CC70 /* ofxGenericFont.cpp */; };
		3CEBF17815890F9A008D2937 /* ofxGenericBarGraphView.cpp in Sources */ = {isa = PBXBuildFile; fileRef = 3CEBF17615890F9A008D2937 /* ofxGenericBarGraphView.cpp */; };
		3CEBF17915890F9A008D2937 /* ofxGenericBarGraphView.h in Headers */ = {isa = PBXBuildFile; fileRef = 3CEBF17715890F9A008D2937 /* ofxGenericBarGraphView.h */; };
		3CF2D29D15ED8C6E008A56AB /* UIDevice-Capabilities.h in Headers */ = {isa = PBXBuildFile; fileRef = 3CF2D28B15ED8C6E008A56AB /* UIDevice-Capabilities.h */; };
		3CF2D29E15ED8C6E008A56AB /* UIDevice-Capabilities.m in Sources */ = {isa = PBXBuildFile; fileRef = 3CF2D28C15ED8C6E008A56AB /* UIDevice-Capabilities.m */; };
		3CF2D29F15ED8C6E008A56AB /* UIDevice-Hardware.h in Headers */ = {isa = PBXBuildFile; fileRef = 3CF2D28D15ED8C6E008A56AB /* UIDevice-Hardware.h */; };
		3CF2D2A015ED8C6E008A56AB /* UIDevice-Hardware.m in Sources */ = {isa = PBXBuildFile; fileRef = 3CF2D28E15ED8C6E008A56AB /* UIDevice-Hardware.m */; };
		3CF2D2A315ED8C6E008A56AB /* UIDevice-Orientation.h in Headers */ = {isa = PBXBuildFile; fileRef = 3CF2D29115ED8C6E008A56AB /* UIDevice-Orientation.h */; };
		3CF2D2A415ED8C6E008A56AB /* UIDevice-Orientation.m in Sources */ = {isa = PBXBuildFile; fileRef = 3CF2D29215ED8C6E008A56AB /* UIDevice-Orientation.m */; };
		3CF2D2A515ED8C6E008A56AB /* UIDevice-Reachability.h in Headers */ = {isa = PBXBuildFile; fileRef = 3CF2D29315ED8C6E008A56AB /* UIDevice-Reachability.h */; };
		3CF2D2A615ED8C6E008A56AB /* UIDevice-Reachability.m in Sources */ = {isa = PBXBuildFile; fileRef = 3CF2D29415ED8C6E008A56AB /* UIDevice-Reachability.m */; };
		3CF2D2C315ED917D008A56AB /* wwanconnect.c in Sources */ = {isa = PBXBuildFile; fileRef = 3CF2D2C115ED917D008A56AB /* wwanconnect.c */; };
		3CF2D2C415ED917D008A56AB /* wwanconnect.h in Headers */ = {isa = PBXBuildFile; fileRef = 3CF2D2C215ED917D008A56AB /* wwanconnect.h */; };
		3CF50AB31582AD9D00D6F7DA /* ofxGenericValueStoreUtility.cpp in Sources */ = {isa = PBXBuildFile; fileRef = 3CF50AB21582AD9D00D6F7DA /* ofxGenericValueStoreUtility.cpp */; };
		3CF590941506E6EA00963966 /* ofxGenericEditTextView.h in Headers */ = {isa = PBXBuildFile; fileRef = 3CF590931506E6EA00963966 /* ofxGenericEditTextView.h */; };
		3CF590971506E78E00963966 /* ofxGenericEditTextView.cpp in Sources */ = {isa = PBXBuildFile; fileRef = 3CF590961506E78E00963966 /* ofxGenericEditTextView.cpp */; };
		45037A491534E6E200ADB7EC /* ofxGenericValueStore.cpp in Sources */ = {isa = PBXBuildFile; fileRef = 45037A481534E6E100ADB7EC /* ofxGenericValueStore.cpp */; };
		453C813C15192A39005ED622 /* tinyxml.cpp in Sources */ = {isa = PBXBuildFile; fileRef = 453C813515192A39005ED622 /* tinyxml.cpp */; };
		453C813D15192A39005ED622 /* tinyxml.h in Headers */ = {isa = PBXBuildFile; fileRef = 453C813615192A39005ED622 /* tinyxml.h */; };
		453C813E15192A39005ED622 /* tinyxmlerror.cpp in Sources */ = {isa = PBXBuildFile; fileRef = 453C813715192A39005ED622 /* tinyxmlerror.cpp */; };
		453C813F15192A39005ED622 /* tinyxmlparser.cpp in Sources */ = {isa = PBXBuildFile; fileRef = 453C813815192A39005ED622 /* tinyxmlparser.cpp */; };
		453C814015192A39005ED622 /* ofxXmlSettings.cpp in Sources */ = {isa = PBXBuildFile; fileRef = 453C813A15192A39005ED622 /* ofxXmlSettings.cpp */; };
		453C814115192A39005ED622 /* ofxXmlSettings.h in Headers */ = {isa = PBXBuildFile; fileRef = 453C813B15192A39005ED622 /* ofxXmlSettings.h */; };
		453DE3DE15F66AC400046917 /* ofxGenericPageControl.cpp in Sources */ = {isa = PBXBuildFile; fileRef = 453DE3DC15F66AC400046917 /* ofxGenericPageControl.cpp */; };
		453DE3DF15F66AC400046917 /* ofxGenericPageControl.h in Headers */ = {isa = PBXBuildFile; fileRef = 453DE3DD15F66AC400046917 /* ofxGenericPageControl.h */; };
		453E461815365E1C00C66514 /* autolink.h in Headers */ = {isa = PBXBuildFile; fileRef = 453E45BA15365E1C00C66514 /* autolink.h */; };
		453E461915365E1C00C66514 /* config.h in Headers */ = {isa = PBXBuildFile; fileRef = 453E45BB15365E1C00C66514 /* config.h */; };
		453E461A15365E1C00C66514 /* features.h in Headers */ = {isa = PBXBuildFile; fileRef = 453E45BC15365E1C00C66514 /* features.h */; };
		453E461B15365E1C00C66514 /* forwards.h in Headers */ = {isa = PBXBuildFile; fileRef = 453E45BD15365E1C00C66514 /* forwards.h */; };
		453E461C15365E1C00C66514 /* json.h in Headers */ = {isa = PBXBuildFile; fileRef = 453E45BE15365E1C00C66514 /* json.h */; };
		453E461D15365E1C00C66514 /* reader.h in Headers */ = {isa = PBXBuildFile; fileRef = 453E45BF15365E1C00C66514 /* reader.h */; };
		453E461E15365E1C00C66514 /* value.h in Headers */ = {isa = PBXBuildFile; fileRef = 453E45C015365E1C00C66514 /* value.h */; };
		453E461F15365E1C00C66514 /* writer.h in Headers */ = {isa = PBXBuildFile; fileRef = 453E45C115365E1C00C66514 /* writer.h */; };
		453E462015365E1C00C66514 /* json_batchallocator.h in Headers */ = {isa = PBXBuildFile; fileRef = 453E45C415365E1C00C66514 /* json_batchallocator.h */; };
		453E462115365E1C00C66514 /* json_reader.cpp in Sources */ = {isa = PBXBuildFile; fileRef = 453E45C715365E1C00C66514 /* json_reader.cpp */; };
		453E462215365E1C00C66514 /* json_value.cpp in Sources */ = {isa = PBXBuildFile; fileRef = 453E45C815365E1C00C66514 /* json_value.cpp */; };
		453E462315365E1C00C66514 /* json_writer.cpp in Sources */ = {isa = PBXBuildFile; fileRef = 453E45CA15365E1C00C66514 /* json_writer.cpp */; };
		453E463015365E1C00C66514 /* ofxJSONElement.cpp in Sources */ = {isa = PBXBuildFile; fileRef = 453E460215365E1C00C66514 /* ofxJSONElement.cpp */; };
		453E463115365E1C00C66514 /* ofxJSONElement.h in Headers */ = {isa = PBXBuildFile; fileRef = 453E460315365E1C00C66514 /* ofxJSONElement.h */; };
		454496151540C66600B21064 /* ofxGenericAlertView.cpp in Sources */ = {isa = PBXBuildFile; fileRef = 454496131540C66600B21064 /* ofxGenericAlertView.cpp */; };
		454496161540C66600B21064 /* ofxGenericAlertView.h in Headers */ = {isa = PBXBuildFile; fileRef = 454496141540C66600B21064 /* ofxGenericAlertView.h */; };
		4544F5E91549D061007482B2 /* ofxGenericDrawableView.cpp in Sources */ = {isa = PBXBuildFile; fileRef = 4544F5E81549D061007482B2 /* ofxGenericDrawableView.cpp */; };
		456BACAD153DE6A50097D5D4 /* ofxGenericDate.cpp in Sources */ = {isa = PBXBuildFile; fileRef = 456BACAC153DE6A50097D5D4 /* ofxGenericDate.cpp */; };
		B54787E315E5759000ACF70F /* ofxGenericDateSelectorView.cpp in Sources */ = {isa = PBXBuildFile; fileRef = B54787E115E5759000ACF70F /* ofxGenericDateSelectorView.cpp */; };
		B54787E415E5759000ACF70F /* ofxGenericDateSelectorView.h in Headers */ = {isa = PBXBuildFile; fileRef = B54787E215E5759000ACF70F /* ofxGenericDateSelectorView.h */; };
/* End PBXBuildFile section */

/* Begin PBXContainerItemProxy section */
		3CE94C7415E655F400E1BC73 /* PBXContainerItemProxy */ = {
			isa = PBXContainerItemProxy;
			containerPortal = 3C7B4ED414FC7D2E003121FE /* iOS+OFLib.xcodeproj */;
			proxyType = 2;
			remoteGlobalIDString = BB24DED610DA7A3F00E9C588;
			remoteInfo = "iPhone+OF Static Library";
		};
		3CE94C7615E656B700E1BC73 /* PBXContainerItemProxy */ = {
			isa = PBXContainerItemProxy;
			containerPortal = 3C7B4ED414FC7D2E003121FE /* iOS+OFLib.xcodeproj */;
			proxyType = 1;
			remoteGlobalIDString = BB24DE5C10DA7A3F00E9C588;
			remoteInfo = "iPhone+OF Static Library";
		};
/* End PBXContainerItemProxy section */

/* Begin PBXFileReference section */
		3C0AC14E1522C2E700872B70 /* ofxGenericPlatform.h */ = {isa = PBXFileReference; lastKnownFileType = sourcecode.c.h; path = ofxGenericPlatform.h; sourceTree = "<group>"; };
		3C0AC1501522C34500872B70 /* ofxGenericPlatform.cpp */ = {isa = PBXFileReference; explicitFileType = sourcecode.cpp.objcpp; fileEncoding = 4; path = ofxGenericPlatform.cpp; sourceTree = "<group>"; };
		3C0B9F9B1571F992009F61BE /* ofxGenericCameraPreviewView.h */ = {isa = PBXFileReference; lastKnownFileType = sourcecode.c.h; path = ofxGenericCameraPreviewView.h; sourceTree = "<group>"; };
		3C0B9F9D1571F9FA009F61BE /* ofxGenericCameraPreviewView.cpp */ = {isa = PBXFileReference; explicitFileType = sourcecode.cpp.objcpp; fileEncoding = 4; path = ofxGenericCameraPreviewView.cpp; sourceTree = "<group>"; };
		3C16BB2115C7B8800062017A /* ofxGenericMicrophone.h */ = {isa = PBXFileReference; lastKnownFileType = sourcecode.c.h; path = ofxGenericMicrophone.h; sourceTree = "<group>"; };
		3C16BB2315C7B8AF0062017A /* ofxGenericMicrophone.cpp */ = {isa = PBXFileReference; explicitFileType = sourcecode.cpp.objcpp; fileEncoding = 4; path = ofxGenericMicrophone.cpp; sourceTree = "<group>"; };
		3C1756841545275700B429E8 /* ofxGenericSliderView.h */ = {isa = PBXFileReference; lastKnownFileType = sourcecode.c.h; path = ofxGenericSliderView.h; sourceTree = "<group>"; };
		3C175686154527EF00B429E8 /* ofxGenericSliderView.cpp */ = {isa = PBXFileReference; explicitFileType = sourcecode.cpp.objcpp; fileEncoding = 4; path = ofxGenericSliderView.cpp; sourceTree = "<group>"; };
		3C17BC01150A9F9A00DA1034 /* ofxGenericActivityView.h */ = {isa = PBXFileReference; lastKnownFileType = sourcecode.c.h; path = ofxGenericActivityView.h; sourceTree = "<group>"; };
		3C17BC03150AA08E00DA1034 /* ofxGenericActivityView.cpp */ = {isa = PBXFileReference; explicitFileType = sourcecode.cpp.objcpp; fileEncoding = 4; path = ofxGenericActivityView.cpp; sourceTree = "<group>"; };
		3C1E7B421508288D007B6723 /* ofxGenericLaunchView.cpp */ = {isa = PBXFileReference; explicitFileType = sourcecode.cpp.objcpp; fileEncoding = 4; path = ofxGenericLaunchView.cpp; sourceTree = "<group>"; };
		3C1E7B431508288D007B6723 /* ofxGenericLaunchView.h */ = {isa = PBXFileReference; fileEncoding = 4; lastKnownFileType = sourcecode.c.h; path = ofxGenericLaunchView.h; sourceTree = "<group>"; };
		3C2A68F2154374F400BDB696 /* ofxGenericOpenGLView.h */ = {isa = PBXFileReference; fileEncoding = 4; lastKnownFileType = sourcecode.c.h; path = ofxGenericOpenGLView.h; sourceTree = "<group>"; };
		3C2A68F51543786700BDB696 /* ofxGenericOpenGLView.cpp */ = {isa = PBXFileReference; explicitFileType = sourcecode.cpp.objcpp; fileEncoding = 4; path = ofxGenericOpenGLView.cpp; sourceTree = "<group>"; };
		3C2DB20715474D1100000034 /* ofxGenericLocalization.h */ = {isa = PBXFileReference; lastKnownFileType = sourcecode.c.h; path = ofxGenericLocalization.h; sourceTree = "<group>"; };
		3C2DB20915474D8100000034 /* ofxGenericLocalization.cpp */ = {isa = PBXFileReference; explicitFileType = sourcecode.cpp.objcpp; fileEncoding = 4; path = ofxGenericLocalization.cpp; sourceTree = "<group>"; };
		3C3B1BA115CF71AC002A671A /* ofxGenericOAuthToken.cpp */ = {isa = PBXFileReference; explicitFileType = sourcecode.cpp.objcpp; fileEncoding = 4; path = ofxGenericOAuthToken.cpp; sourceTree = "<group>"; };
		3C3B1BA215CF71AC002A671A /* ofxGenericOAuthToken.h */ = {isa = PBXFileReference; fileEncoding = 4; lastKnownFileType = sourcecode.c.h; path = ofxGenericOAuthToken.h; sourceTree = "<group>"; };
		3C3B1BA615CF73F0002A671A /* ofxGenericOAuthGrantHTTPRequest.cpp */ = {isa = PBXFileReference; explicitFileType = sourcecode.cpp.objcpp; fileEncoding = 4; path = ofxGenericOAuthGrantHTTPRequest.cpp; sourceTree = "<group>"; };
		3C3B1BA715CF73F0002A671A /* ofxGenericOAuthGrantHTTPRequest.h */ = {isa = PBXFileReference; fileEncoding = 4; lastKnownFileType = sourcecode.c.h; path = ofxGenericOAuthGrantHTTPRequest.h; sourceTree = "<group>"; };
		3C3B1BA815CF73F0002A671A /* ofxGenericOAuthHTTPRequest.cpp */ = {isa = PBXFileReference; explicitFileType = sourcecode.cpp.objcpp; fileEncoding = 4; path = ofxGenericOAuthHTTPRequest.cpp; sourceTree = "<group>"; };
		3C3B1BA915CF73F0002A671A /* ofxGenericOAuthHTTPRequest.h */ = {isa = PBXFileReference; fileEncoding = 4; lastKnownFileType = sourcecode.c.h; path = ofxGenericOAuthHTTPRequest.h; sourceTree = "<group>"; };
		3C3ECD5B15CF1032002A6B5C /* ofxGenericHTTPRequestHolder.h */ = {isa = PBXFileReference; lastKnownFileType = sourcecode.c.h; path = ofxGenericHTTPRequestHolder.h; sourceTree = "<group>"; };
		3C3ECD5D15CF103C002A6B5C /* ofxGenericHTTPRequestHolder.cpp */ = {isa = PBXFileReference; explicitFileType = sourcecode.cpp.objcpp; fileEncoding = 4; path = ofxGenericHTTPRequestHolder.cpp; sourceTree = "<group>"; };
		3C4B96EB15DCCCEC003D0B8C /* ofxGenericTableViewCell.h */ = {isa = PBXFileReference; lastKnownFileType = sourcecode.c.h; path = ofxGenericTableViewCell.h; sourceTree = "<group>"; };
		3C4B96ED15DCCCF8003D0B8C /* ofxGenericTableViewCell.cpp */ = {isa = PBXFileReference; explicitFileType = sourcecode.cpp.objcpp; fileEncoding = 4; path = ofxGenericTableViewCell.cpp; sourceTree = "<group>"; };
		3C4D9C0A1559E64F00C02C92 /* ofxGenericTimer.h */ = {isa = PBXFileReference; lastKnownFileType = sourcecode.c.h; path = ofxGenericTimer.h; sourceTree = "<group>"; };
		3C4D9C0C1559E69900C02C92 /* ofxGenericTimer.cpp */ = {isa = PBXFileReference; explicitFileType = sourcecode.cpp.objcpp; fileEncoding = 4; path = ofxGenericTimer.cpp; sourceTree = "<group>"; };
		3C5336DA153F64A10046AFD8 /* ofxGenericMain.h */ = {isa = PBXFileReference; lastKnownFileType = sourcecode.c.h; path = ofxGenericMain.h; sourceTree = "<group>"; };
		3C5336DD153F6A420046AFD8 /* OpenUDID.h */ = {isa = PBXFileReference; fileEncoding = 4; lastKnownFileType = sourcecode.c.h; path = OpenUDID.h; sourceTree = "<group>"; };
		3C5336DE153F6A420046AFD8 /* OpenUDID.m */ = {isa = PBXFileReference; fileEncoding = 4; lastKnownFileType = sourcecode.c.objc; path = OpenUDID.m; sourceTree = "<group>"; };
		3C5336DF153F6A420046AFD8 /* README.md */ = {isa = PBXFileReference; fileEncoding = 4; lastKnownFileType = text; path = README.md; sourceTree = "<group>"; };
		3C5336E2153F6ED60046AFD8 /* ofxGenericAppDelegate.h */ = {isa = PBXFileReference; fileEncoding = 4; lastKnownFileType = sourcecode.c.h; path = ofxGenericAppDelegate.h; sourceTree = "<group>"; };
		3C5336E3153F6ED60046AFD8 /* ofxGenericAppDelegate.mm */ = {isa = PBXFileReference; fileEncoding = 4; lastKnownFileType = sourcecode.cpp.objcpp; path = ofxGenericAppDelegate.mm; sourceTree = "<group>"; };
		3C5336E4153F6ED60046AFD8 /* ofxGenericUtilityiOS.mm */ = {isa = PBXFileReference; fileEncoding = 4; lastKnownFileType = sourcecode.cpp.objcpp; path = ofxGenericUtilityiOS.mm; sourceTree = "<group>"; };
		3C5C788B15C780920099C59A /* ofxGenericFrameView.h */ = {isa = PBXFileReference; lastKnownFileType = sourcecode.c.h; path = ofxGenericFrameView.h; sourceTree = "<group>"; };
		3C5C788D15C7809F0099C59A /* ofxGenericFrameView.cpp */ = {isa = PBXFileReference; explicitFileType = sourcecode.cpp.objcpp; fileEncoding = 4; path = ofxGenericFrameView.cpp; sourceTree = "<group>"; };
		3C6D4B2715584CB6004904CE /* ofxGenericSettings.h */ = {isa = PBXFileReference; lastKnownFileType = sourcecode.c.h; path = ofxGenericSettings.h; sourceTree = "<group>"; };
		3C6D4B2A15584E4D004904CE /* ofxGenericSettings.cpp */ = {isa = PBXFileReference; explicitFileType = sourcecode.cpp.objcpp; fileEncoding = 4; path = ofxGenericSettings.cpp; sourceTree = "<group>"; };
		3C7B4DDA14FC78A1003121FE /* libofxGeneric.a */ = {isa = PBXFileReference; explicitFileType = archive.ar; includeInIndex = 0; path = libofxGeneric.a; sourceTree = BUILT_PRODUCTS_DIR; };
		3C7B4DDD14FC78A1003121FE /* Foundation.framework */ = {isa = PBXFileReference; lastKnownFileType = wrapper.framework; name = Foundation.framework; path = System/Library/Frameworks/Foundation.framework; sourceTree = SDKROOT; };
		3C7B4DED14FC78A1003121FE /* UIKit.framework */ = {isa = PBXFileReference; explicitFileType = wrapper.framework; name = UIKit.framework; path = System/Library/Frameworks/Foundation.framework; sourceTree = SDKROOT; };
		3C7B4E8A14FC7CBF003121FE /* ofxAppGenericWindow.cpp */ = {isa = PBXFileReference; explicitFileType = sourcecode.cpp.objcpp; fileEncoding = 4; path = ofxAppGenericWindow.cpp; sourceTree = "<group>"; };
		3C7B4E8B14FC7CBF003121FE /* ofxAppGenericWindow.h */ = {isa = PBXFileReference; fileEncoding = 4; lastKnownFileType = sourcecode.c.h; path = ofxAppGenericWindow.h; sourceTree = "<group>"; };
		3C7B4E8C14FC7CBF003121FE /* ofxGenericApp.cpp */ = {isa = PBXFileReference; explicitFileType = sourcecode.cpp.objcpp; fileEncoding = 4; path = ofxGenericApp.cpp; sourceTree = "<group>"; };
		3C7B4E8D14FC7CBF003121FE /* ofxGenericApp.h */ = {isa = PBXFileReference; fileEncoding = 4; lastKnownFileType = sourcecode.c.h; path = ofxGenericApp.h; sourceTree = "<group>"; };
		3C7B4E8E14FC7CBF003121FE /* ofxGenericButtonView.cpp */ = {isa = PBXFileReference; explicitFileType = sourcecode.cpp.objcpp; fileEncoding = 4; path = ofxGenericButtonView.cpp; sourceTree = "<group>"; };
		3C7B4E8F14FC7CBF003121FE /* ofxGenericButtonView.h */ = {isa = PBXFileReference; fileEncoding = 4; lastKnownFileType = sourcecode.c.h; path = ofxGenericButtonView.h; sourceTree = "<group>"; };
		3C7B4E9014FC7CBF003121FE /* ofxGenericConstants.h */ = {isa = PBXFileReference; fileEncoding = 4; lastKnownFileType = sourcecode.c.h; path = ofxGenericConstants.h; sourceTree = "<group>"; };
		3C7B4E9114FC7CBF003121FE /* ofxGenericHTTPRequest.cpp */ = {isa = PBXFileReference; explicitFileType = sourcecode.cpp.objcpp; fileEncoding = 4; path = ofxGenericHTTPRequest.cpp; sourceTree = "<group>"; };
		3C7B4E9214FC7CBF003121FE /* ofxGenericHTTPRequest.h */ = {isa = PBXFileReference; fileEncoding = 4; lastKnownFileType = sourcecode.c.h; path = ofxGenericHTTPRequest.h; sourceTree = "<group>"; };
		3C7B4E9514FC7CBF003121FE /* ofxGenericImageView.cpp */ = {isa = PBXFileReference; explicitFileType = sourcecode.cpp.objcpp; fileEncoding = 4; path = ofxGenericImageView.cpp; sourceTree = "<group>"; };
		3C7B4E9614FC7CBF003121FE /* ofxGenericImageView.h */ = {isa = PBXFileReference; fileEncoding = 4; lastKnownFileType = sourcecode.c.h; path = ofxGenericImageView.h; sourceTree = "<group>"; };
		3C7B4E9714FC7CBF003121FE /* ofxGenericTableView.cpp */ = {isa = PBXFileReference; explicitFileType = sourcecode.cpp.objcpp; fileEncoding = 4; path = ofxGenericTableView.cpp; sourceTree = "<group>"; };
		3C7B4E9814FC7CBF003121FE /* ofxGenericTableView.h */ = {isa = PBXFileReference; fileEncoding = 4; lastKnownFileType = sourcecode.c.h; path = ofxGenericTableView.h; sourceTree = "<group>"; };
		3C7B4E9914FC7CBF003121FE /* ofxGenericTextView.cpp */ = {isa = PBXFileReference; explicitFileType = sourcecode.cpp.objcpp; fileEncoding = 4; path = ofxGenericTextView.cpp; sourceTree = "<group>"; };
		3C7B4E9A14FC7CBF003121FE /* ofxGenericTextView.h */ = {isa = PBXFileReference; fileEncoding = 4; lastKnownFileType = sourcecode.c.h; path = ofxGenericTextView.h; sourceTree = "<group>"; };
		3C7B4E9B14FC7CBF003121FE /* ofxGenericUI.h */ = {isa = PBXFileReference; fileEncoding = 4; lastKnownFileType = sourcecode.c.h; path = ofxGenericUI.h; sourceTree = "<group>"; };
		3C7B4E9C14FC7CBF003121FE /* ofxGenericUtility.cpp */ = {isa = PBXFileReference; explicitFileType = sourcecode.cpp.objcpp; fileEncoding = 4; path = ofxGenericUtility.cpp; sourceTree = "<group>"; };
		3C7B4E9D14FC7CBF003121FE /* ofxGenericUtility.h */ = {isa = PBXFileReference; fileEncoding = 4; lastKnownFileType = sourcecode.c.h; path = ofxGenericUtility.h; sourceTree = "<group>"; };
		3C7B4E9E14FC7CBF003121FE /* ofxGenericView.cpp */ = {isa = PBXFileReference; explicitFileType = sourcecode.cpp.objcpp; fileEncoding = 4; path = ofxGenericView.cpp; sourceTree = "<group>"; };
		3C7B4E9F14FC7CBF003121FE /* ofxGenericView.h */ = {isa = PBXFileReference; fileEncoding = 4; lastKnownFileType = sourcecode.c.h; path = ofxGenericView.h; sourceTree = "<group>"; };
		3C7B4ED414FC7D2E003121FE /* iOS+OFLib.xcodeproj */ = {isa = PBXFileReference; lastKnownFileType = "wrapper.pb-project"; name = "iOS+OFLib.xcodeproj"; path = "../../libs/openFrameworks/libs/openFrameworksCompiled/project/ios/iOS+OFLib.xcodeproj"; sourceTree = "<group>"; };
		3C7B4F0B14FC85D9003121FE /* OpenGLES.framework */ = {isa = PBXFileReference; lastKnownFileType = wrapper.framework; name = OpenGLES.framework; path = System/Library/Frameworks/OpenGLES.framework; sourceTree = SDKROOT; };
		3C7B4F1214FC8612003121FE /* CoreGraphics.framework */ = {isa = PBXFileReference; lastKnownFileType = wrapper.framework; name = CoreGraphics.framework; path = System/Library/Frameworks/CoreGraphics.framework; sourceTree = SDKROOT; };
		3C7B4F1414FC861A003121FE /* AudioToolbox.framework */ = {isa = PBXFileReference; lastKnownFileType = wrapper.framework; name = AudioToolbox.framework; path = System/Library/Frameworks/AudioToolbox.framework; sourceTree = SDKROOT; };
		3C7B4F1614FD4E13003121FE /* OpenAL.framework */ = {isa = PBXFileReference; lastKnownFileType = wrapper.framework; name = OpenAL.framework; path = System/Library/Frameworks/OpenAL.framework; sourceTree = SDKROOT; };
		3C7B4F1814FD4E1C003121FE /* AVFoundation.framework */ = {isa = PBXFileReference; lastKnownFileType = wrapper.framework; name = AVFoundation.framework; path = System/Library/Frameworks/AVFoundation.framework; sourceTree = SDKROOT; };
		3C8349EF15C301170044DED3 /* ofxGenericAnimatedImageView.h */ = {isa = PBXFileReference; lastKnownFileType = sourcecode.c.h; path = ofxGenericAnimatedImageView.h; sourceTree = "<group>"; };
		3C8349F115C301410044DED3 /* ofxGenericAnimatedImageView.cpp */ = {isa = PBXFileReference; explicitFileType = sourcecode.cpp.objcpp; fileEncoding = 4; path = ofxGenericAnimatedImageView.cpp; sourceTree = "<group>"; };
		3C85FC5F151149B7001F5854 /* ofxGenericScrollView.h */ = {isa = PBXFileReference; fileEncoding = 4; lastKnownFileType = sourcecode.c.h; path = ofxGenericScrollView.h; sourceTree = "<group>"; };
		3C85FC6315114B1E001F5854 /* ofxGenericScrollView.cpp */ = {isa = PBXFileReference; explicitFileType = sourcecode.cpp.objcpp; fileEncoding = 4; path = ofxGenericScrollView.cpp; sourceTree = "<group>"; };
		3C96A11B16110F11000BA061 /* ofxGenericWebView.cpp */ = {isa = PBXFileReference; explicitFileType = sourcecode.cpp.objcpp; fileEncoding = 4; path = ofxGenericWebView.cpp; sourceTree = "<group>"; };
		3C96A11C16110F11000BA061 /* ofxGenericWebView.h */ = {isa = PBXFileReference; fileEncoding = 4; lastKnownFileType = sourcecode.c.h; path = ofxGenericWebView.h; sourceTree = "<group>"; };
		3CA5336415B61A7900A8D36B /* Debug.xcconfig */ = {isa = PBXFileReference; lastKnownFileType = text.xcconfig; path = Debug.xcconfig; sourceTree = "<group>"; };
		3CA5336515B61A7900A8D36B /* Release.xcconfig */ = {isa = PBXFileReference; lastKnownFileType = text.xcconfig; path = Release.xcconfig; sourceTree = "<group>"; };
		3CA5336615B61A7900A8D36B /* SharedDebug.xcconfig */ = {isa = PBXFileReference; lastKnownFileType = text.xcconfig; path = SharedDebug.xcconfig; sourceTree = "<group>"; };
		3CA5336715B61A7900A8D36B /* SharedProject.xcconfig */ = {isa = PBXFileReference; lastKnownFileType = text.xcconfig; path = SharedProject.xcconfig; sourceTree = "<group>"; };
		3CA5336815B61A7900A8D36B /* SharedRelease.xcconfig */ = {isa = PBXFileReference; lastKnownFileType = text.xcconfig; path = SharedRelease.xcconfig; sourceTree = "<group>"; };
		3CA59B30153F40E7008EE095 /* ofxGenericException.h */ = {isa = PBXFileReference; lastKnownFileType = sourcecode.c.h; path = ofxGenericException.h; sourceTree = "<group>"; };
		3CA59B32153F4311008EE095 /* ofxGenericException.cpp */ = {isa = PBXFileReference; explicitFileType = sourcecode.cpp.objcpp; fileEncoding = 4; path = ofxGenericException.cpp; sourceTree = "<group>"; };
		3CB572AA1596506A0060F9BE /* ofxGenericSelectorView.h */ = {isa = PBXFileReference; lastKnownFileType = sourcecode.c.h; path = ofxGenericSelectorView.h; sourceTree = "<group>"; };
		3CB572AC1596512C0060F9BE /* ofxGenericSelectorView.cpp */ = {isa = PBXFileReference; explicitFileType = sourcecode.cpp.objcpp; fileEncoding = 4; path = ofxGenericSelectorView.cpp; sourceTree = "<group>"; };
		3CBAC5F914FD4E60002A12C8 /* QuartzCore.framework */ = {isa = PBXFileReference; lastKnownFileType = wrapper.framework; name = QuartzCore.framework; path = System/Library/Frameworks/QuartzCore.framework; sourceTree = SDKROOT; };
		3CBAC5FC14FD4E73002A12C8 /* CoreLocation.framework */ = {isa = PBXFileReference; lastKnownFileType = wrapper.framework; name = CoreLocation.framework; path = System/Library/Frameworks/CoreLocation.framework; sourceTree = SDKROOT; };
		3CBAC5FE14FD4EA7002A12C8 /* CoreMedia.framework */ = {isa = PBXFileReference; lastKnownFileType = wrapper.framework; name = CoreMedia.framework; path = System/Library/Frameworks/CoreMedia.framework; sourceTree = SDKROOT; };
		3CBAC60014FD4EC8002A12C8 /* CoreVideo.framework */ = {isa = PBXFileReference; lastKnownFileType = wrapper.framework; name = CoreVideo.framework; path = System/Library/Frameworks/CoreVideo.framework; sourceTree = SDKROOT; };
		3CC6222315AB930D009849CE /* ofxGenericUtilityiOS.h */ = {isa = PBXFileReference; fileEncoding = 4; lastKnownFileType = sourcecode.c.h; path = ofxGenericUtilityiOS.h; sourceTree = "<group>"; };
		3CE4B90D157D40EA0058CC70 /* ofxGenericFont.h */ = {isa = PBXFileReference; lastKnownFileType = sourcecode.c.h; path = ofxGenericFont.h; sourceTree = "<group>"; };
		3CE4B90F157D414F0058CC70 /* ofxGenericFont.cpp */ = {isa = PBXFileReference; explicitFileType = sourcecode.cpp.objcpp; fileEncoding = 4; path = ofxGenericFont.cpp; sourceTree = "<group>"; };
		3CEBF17615890F9A008D2937 /* ofxGenericBarGraphView.cpp */ = {isa = PBXFileReference; explicitFileType = sourcecode.cpp.objcpp; fileEncoding = 4; path = ofxGenericBarGraphView.cpp; sourceTree = "<group>"; };
		3CEBF17715890F9A008D2937 /* ofxGenericBarGraphView.h */ = {isa = PBXFileReference; fileEncoding = 4; lastKnownFileType = sourcecode.c.h; path = ofxGenericBarGraphView.h; sourceTree = "<group>"; };
		3CF2D28B15ED8C6E008A56AB /* UIDevice-Capabilities.h */ = {isa = PBXFileReference; fileEncoding = 4; lastKnownFileType = sourcecode.c.h; path = "UIDevice-Capabilities.h"; sourceTree = "<group>"; };
		3CF2D28C15ED8C6E008A56AB /* UIDevice-Capabilities.m */ = {isa = PBXFileReference; fileEncoding = 4; lastKnownFileType = sourcecode.c.objc; path = "UIDevice-Capabilities.m"; sourceTree = "<group>"; };
		3CF2D28D15ED8C6E008A56AB /* UIDevice-Hardware.h */ = {isa = PBXFileReference; fileEncoding = 4; lastKnownFileType = sourcecode.c.h; path = "UIDevice-Hardware.h"; sourceTree = "<group>"; };
		3CF2D28E15ED8C6E008A56AB /* UIDevice-Hardware.m */ = {isa = PBXFileReference; fileEncoding = 4; lastKnownFileType = sourcecode.c.objc; path = "UIDevice-Hardware.m"; sourceTree = "<group>"; };
		3CF2D29115ED8C6E008A56AB /* UIDevice-Orientation.h */ = {isa = PBXFileReference; fileEncoding = 4; lastKnownFileType = sourcecode.c.h; path = "UIDevice-Orientation.h"; sourceTree = "<group>"; };
		3CF2D29215ED8C6E008A56AB /* UIDevice-Orientation.m */ = {isa = PBXFileReference; fileEncoding = 4; lastKnownFileType = sourcecode.c.objc; path = "UIDevice-Orientation.m"; sourceTree = "<group>"; };
		3CF2D29315ED8C6E008A56AB /* UIDevice-Reachability.h */ = {isa = PBXFileReference; fileEncoding = 4; lastKnownFileType = sourcecode.c.h; path = "UIDevice-Reachability.h"; sourceTree = "<group>"; };
		3CF2D29415ED8C6E008A56AB /* UIDevice-Reachability.m */ = {isa = PBXFileReference; fileEncoding = 4; lastKnownFileType = sourcecode.c.objc; path = "UIDevice-Reachability.m"; sourceTree = "<group>"; };
		3CF2D2C115ED917D008A56AB /* wwanconnect.c */ = {isa = PBXFileReference; explicitFileType = sourcecode.c.objc; fileEncoding = 4; path = wwanconnect.c; sourceTree = "<group>"; };
		3CF2D2C215ED917D008A56AB /* wwanconnect.h */ = {isa = PBXFileReference; fileEncoding = 4; lastKnownFileType = sourcecode.c.h; path = wwanconnect.h; sourceTree = "<group>"; };
		3CF50AB01582ACF700D6F7DA /* ofxGenericValueStoreUtility.h */ = {isa = PBXFileReference; lastKnownFileType = sourcecode.c.h; path = ofxGenericValueStoreUtility.h; sourceTree = "<group>"; };
		3CF50AB21582AD9D00D6F7DA /* ofxGenericValueStoreUtility.cpp */ = {isa = PBXFileReference; explicitFileType = sourcecode.cpp.objcpp; fileEncoding = 4; path = ofxGenericValueStoreUtility.cpp; sourceTree = "<group>"; };
		3CF590931506E6EA00963966 /* ofxGenericEditTextView.h */ = {isa = PBXFileReference; fileEncoding = 4; lastKnownFileType = sourcecode.c.h; path = ofxGenericEditTextView.h; sourceTree = "<group>"; };
		3CF590961506E78E00963966 /* ofxGenericEditTextView.cpp */ = {isa = PBXFileReference; explicitFileType = sourcecode.cpp.objcpp; fileEncoding = 4; path = ofxGenericEditTextView.cpp; sourceTree = "<group>"; };
		45037A461534E6D700ADB7EC /* ofxGenericValueStore.h */ = {isa = PBXFileReference; lastKnownFileType = sourcecode.c.h; path = ofxGenericValueStore.h; sourceTree = "<group>"; };
		45037A481534E6E100ADB7EC /* ofxGenericValueStore.cpp */ = {isa = PBXFileReference; explicitFileType = sourcecode.cpp.objcpp; fileEncoding = 4; lineEnding = 0; path = ofxGenericValueStore.cpp; sourceTree = "<group>"; xcLanguageSpecificationIdentifier = xcode.lang.cpp; };
		453C813515192A39005ED622 /* tinyxml.cpp */ = {isa = PBXFileReference; explicitFileType = sourcecode.cpp.objcpp; fileEncoding = 4; path = tinyxml.cpp; sourceTree = "<group>"; };
		453C813615192A39005ED622 /* tinyxml.h */ = {isa = PBXFileReference; fileEncoding = 4; lastKnownFileType = sourcecode.c.h; path = tinyxml.h; sourceTree = "<group>"; };
		453C813715192A39005ED622 /* tinyxmlerror.cpp */ = {isa = PBXFileReference; explicitFileType = sourcecode.cpp.objcpp; fileEncoding = 4; path = tinyxmlerror.cpp; sourceTree = "<group>"; };
		453C813815192A39005ED622 /* tinyxmlparser.cpp */ = {isa = PBXFileReference; explicitFileType = sourcecode.cpp.objcpp; fileEncoding = 4; path = tinyxmlparser.cpp; sourceTree = "<group>"; };
		453C813A15192A39005ED622 /* ofxXmlSettings.cpp */ = {isa = PBXFileReference; explicitFileType = sourcecode.cpp.objcpp; fileEncoding = 4; path = ofxXmlSettings.cpp; sourceTree = "<group>"; };
		453C813B15192A39005ED622 /* ofxXmlSettings.h */ = {isa = PBXFileReference; fileEncoding = 4; lastKnownFileType = sourcecode.c.h; path = ofxXmlSettings.h; sourceTree = "<group>"; };
		453DE3DC15F66AC400046917 /* ofxGenericPageControl.cpp */ = {isa = PBXFileReference; explicitFileType = sourcecode.cpp.objcpp; fileEncoding = 4; path = ofxGenericPageControl.cpp; sourceTree = "<group>"; };
		453DE3DD15F66AC400046917 /* ofxGenericPageControl.h */ = {isa = PBXFileReference; fileEncoding = 4; lastKnownFileType = sourcecode.c.h; path = ofxGenericPageControl.h; sourceTree = "<group>"; };
		453E45B615365E1C00C66514 /* .gitignore */ = {isa = PBXFileReference; fileEncoding = 4; lastKnownFileType = text; path = .gitignore; sourceTree = "<group>"; };
		453E45BA15365E1C00C66514 /* autolink.h */ = {isa = PBXFileReference; fileEncoding = 4; lastKnownFileType = sourcecode.c.h; path = autolink.h; sourceTree = "<group>"; };
		453E45BB15365E1C00C66514 /* config.h */ = {isa = PBXFileReference; fileEncoding = 4; lastKnownFileType = sourcecode.c.h; path = config.h; sourceTree = "<group>"; };
		453E45BC15365E1C00C66514 /* features.h */ = {isa = PBXFileReference; fileEncoding = 4; lastKnownFileType = sourcecode.c.h; path = features.h; sourceTree = "<group>"; };
		453E45BD15365E1C00C66514 /* forwards.h */ = {isa = PBXFileReference; fileEncoding = 4; lastKnownFileType = sourcecode.c.h; path = forwards.h; sourceTree = "<group>"; };
		453E45BE15365E1C00C66514 /* json.h */ = {isa = PBXFileReference; fileEncoding = 4; lastKnownFileType = sourcecode.c.h; path = json.h; sourceTree = "<group>"; };
		453E45BF15365E1C00C66514 /* reader.h */ = {isa = PBXFileReference; fileEncoding = 4; lastKnownFileType = sourcecode.c.h; path = reader.h; sourceTree = "<group>"; };
		453E45C015365E1C00C66514 /* value.h */ = {isa = PBXFileReference; fileEncoding = 4; lastKnownFileType = sourcecode.c.h; path = value.h; sourceTree = "<group>"; };
		453E45C115365E1C00C66514 /* writer.h */ = {isa = PBXFileReference; fileEncoding = 4; lastKnownFileType = sourcecode.c.h; path = writer.h; sourceTree = "<group>"; };
		453E45C415365E1C00C66514 /* json_batchallocator.h */ = {isa = PBXFileReference; fileEncoding = 4; lastKnownFileType = sourcecode.c.h; path = json_batchallocator.h; sourceTree = "<group>"; };
		453E45C515365E1C00C66514 /* json_internalarray.inl */ = {isa = PBXFileReference; fileEncoding = 4; lastKnownFileType = text; path = json_internalarray.inl; sourceTree = "<group>"; };
		453E45C615365E1C00C66514 /* json_internalmap.inl */ = {isa = PBXFileReference; fileEncoding = 4; lastKnownFileType = text; path = json_internalmap.inl; sourceTree = "<group>"; };
		453E45C715365E1C00C66514 /* json_reader.cpp */ = {isa = PBXFileReference; fileEncoding = 4; lastKnownFileType = sourcecode.cpp.cpp; path = json_reader.cpp; sourceTree = "<group>"; };
		453E45C815365E1C00C66514 /* json_value.cpp */ = {isa = PBXFileReference; fileEncoding = 4; lastKnownFileType = sourcecode.cpp.cpp; path = json_value.cpp; sourceTree = "<group>"; };
		453E45C915365E1C00C66514 /* json_valueiterator.inl */ = {isa = PBXFileReference; fileEncoding = 4; lastKnownFileType = text; path = json_valueiterator.inl; sourceTree = "<group>"; };
		453E45CA15365E1C00C66514 /* json_writer.cpp */ = {isa = PBXFileReference; fileEncoding = 4; lastKnownFileType = sourcecode.cpp.cpp; path = json_writer.cpp; sourceTree = "<group>"; };
		453E460015365E1C00C66514 /* README */ = {isa = PBXFileReference; fileEncoding = 4; lastKnownFileType = text; path = README; sourceTree = "<group>"; };
		453E460215365E1C00C66514 /* ofxJSONElement.cpp */ = {isa = PBXFileReference; fileEncoding = 4; lastKnownFileType = sourcecode.cpp.cpp; path = ofxJSONElement.cpp; sourceTree = "<group>"; };
		453E460315365E1C00C66514 /* ofxJSONElement.h */ = {isa = PBXFileReference; fileEncoding = 4; lastKnownFileType = sourcecode.c.h; path = ofxJSONElement.h; sourceTree = "<group>"; };
		454496131540C66600B21064 /* ofxGenericAlertView.cpp */ = {isa = PBXFileReference; explicitFileType = sourcecode.cpp.objcpp; fileEncoding = 4; path = ofxGenericAlertView.cpp; sourceTree = "<group>"; };
		454496141540C66600B21064 /* ofxGenericAlertView.h */ = {isa = PBXFileReference; fileEncoding = 4; lastKnownFileType = sourcecode.c.h; path = ofxGenericAlertView.h; sourceTree = "<group>"; };
		4544F5E61549D057007482B2 /* ofxGenericDrawableView.h */ = {isa = PBXFileReference; lastKnownFileType = sourcecode.c.h; path = ofxGenericDrawableView.h; sourceTree = "<group>"; };
		4544F5E81549D061007482B2 /* ofxGenericDrawableView.cpp */ = {isa = PBXFileReference; explicitFileType = sourcecode.cpp.objcpp; fileEncoding = 4; path = ofxGenericDrawableView.cpp; sourceTree = "<group>"; xcLanguageSpecificationIdentifier = xcode.lang.objcpp; };
		456BACAA153DE6960097D5D4 /* ofxGenericDate.h */ = {isa = PBXFileReference; lastKnownFileType = sourcecode.c.h; path = ofxGenericDate.h; sourceTree = "<group>"; };
		456BACAC153DE6A50097D5D4 /* ofxGenericDate.cpp */ = {isa = PBXFileReference; explicitFileType = sourcecode.cpp.objcpp; fileEncoding = 4; path = ofxGenericDate.cpp; sourceTree = "<group>"; };
		B54787E115E5759000ACF70F /* ofxGenericDateSelectorView.cpp */ = {isa = PBXFileReference; explicitFileType = sourcecode.cpp.objcpp; fileEncoding = 4; path = ofxGenericDateSelectorView.cpp; sourceTree = "<group>"; };
		B54787E215E5759000ACF70F /* ofxGenericDateSelectorView.h */ = {isa = PBXFileReference; fileEncoding = 4; lastKnownFileType = sourcecode.c.h; path = ofxGenericDateSelectorView.h; sourceTree = "<group>"; };
/* End PBXFileReference section */

/* Begin PBXFrameworksBuildPhase section */
		3C7B4DD714FC78A1003121FE /* Frameworks */ = {
			isa = PBXFrameworksBuildPhase;
			buildActionMask = 2147483647;
			files = (
				3C9DAB4215F36137000F04AD /* libofxiPhone_iphoneos_Debug.a in Frameworks */,
				3C0B9FAC1571FB07009F61BE /* AVFoundation.framework in Frameworks */,
				3C7B4DDE14FC78A1003121FE /* Foundation.framework in Frameworks */,
			);
			runOnlyForDeploymentPostprocessing = 0;
		};
/* End PBXFrameworksBuildPhase section */

/* Begin PBXGroup section */
		3C5336DC153F6A420046AFD8 /* OpenUDID */ = {
			isa = PBXGroup;
			children = (
				3C5336DD153F6A420046AFD8 /* OpenUDID.h */,
				3C5336DE153F6A420046AFD8 /* OpenUDID.m */,
				3C5336DF153F6A420046AFD8 /* README.md */,
			);
			path = OpenUDID;
			sourceTree = "<group>";
		};
		3C7B4DCF14FC78A0003121FE = {
			isa = PBXGroup;
			children = (
				3C85FC4D150FD108001F5854 /* addons */,
				3CA5336315B61A7900A8D36B /* configs */,
				3C7B4E6E14FC7CBF003121FE /* src */,
				3C7B4DDC14FC78A1003121FE /* Frameworks */,
				3C7B4DDB14FC78A1003121FE /* Products */,
				453E45B415365E1C00C66514 /* libs */,
			);
			sourceTree = "<group>";
		};
		3C7B4DDB14FC78A1003121FE /* Products */ = {
			isa = PBXGroup;
			children = (
				3C7B4DDA14FC78A1003121FE /* libofxGeneric.a */,
			);
			name = Products;
			sourceTree = "<group>";
		};
		3C7B4DDC14FC78A1003121FE /* Frameworks */ = {
			isa = PBXGroup;
			children = (
				3C7B4ED414FC7D2E003121FE /* iOS+OFLib.xcodeproj */,
				3CBAC60014FD4EC8002A12C8 /* CoreVideo.framework */,
				3CBAC5FE14FD4EA7002A12C8 /* CoreMedia.framework */,
				3CBAC5FC14FD4E73002A12C8 /* CoreLocation.framework */,
				3CBAC5F914FD4E60002A12C8 /* QuartzCore.framework */,
				3C7B4F1814FD4E1C003121FE /* AVFoundation.framework */,
				3C7B4F1614FD4E13003121FE /* OpenAL.framework */,
				3C7B4F1414FC861A003121FE /* AudioToolbox.framework */,
				3C7B4F1214FC8612003121FE /* CoreGraphics.framework */,
				3C7B4F0B14FC85D9003121FE /* OpenGLES.framework */,
				3C7B4DDD14FC78A1003121FE /* Foundation.framework */,
				3C7B4DED14FC78A1003121FE /* UIKit.framework */,
			);
			name = Frameworks;
			sourceTree = "<group>";
		};
		3C7B4E6E14FC7CBF003121FE /* src */ = {
			isa = PBXGroup;
			children = (
				B54787E115E5759000ACF70F /* ofxGenericDateSelectorView.cpp */,
				B54787E215E5759000ACF70F /* ofxGenericDateSelectorView.h */,
				3C3B1BA615CF73F0002A671A /* ofxGenericOAuthGrantHTTPRequest.cpp */,
				3C3B1BA715CF73F0002A671A /* ofxGenericOAuthGrantHTTPRequest.h */,
				3C3B1BA815CF73F0002A671A /* ofxGenericOAuthHTTPRequest.cpp */,
				3C3B1BA915CF73F0002A671A /* ofxGenericOAuthHTTPRequest.h */,
				3C3B1BA115CF71AC002A671A /* ofxGenericOAuthToken.cpp */,
				3C3B1BA215CF71AC002A671A /* ofxGenericOAuthToken.h */,
				3CEBF17615890F9A008D2937 /* ofxGenericBarGraphView.cpp */,
				3CEBF17715890F9A008D2937 /* ofxGenericBarGraphView.h */,
				3C7B4E8614FC7CBF003121FE /* iOS */,
				3C7B4E8A14FC7CBF003121FE /* ofxAppGenericWindow.cpp */,
				3C7B4E8B14FC7CBF003121FE /* ofxAppGenericWindow.h */,
				3C17BC03150AA08E00DA1034 /* ofxGenericActivityView.cpp */,
				3C17BC01150A9F9A00DA1034 /* ofxGenericActivityView.h */,
				454496131540C66600B21064 /* ofxGenericAlertView.cpp */,
				454496141540C66600B21064 /* ofxGenericAlertView.h */,
				3C7B4E8C14FC7CBF003121FE /* ofxGenericApp.cpp */,
				3C7B4E8D14FC7CBF003121FE /* ofxGenericApp.h */,
				3C7B4E8E14FC7CBF003121FE /* ofxGenericButtonView.cpp */,
				3C7B4E8F14FC7CBF003121FE /* ofxGenericButtonView.h */,
				45037A481534E6E100ADB7EC /* ofxGenericValueStore.cpp */,
				45037A461534E6D700ADB7EC /* ofxGenericValueStore.h */,
				3CF50AB01582ACF700D6F7DA /* ofxGenericValueStoreUtility.h */,
				3CF50AB21582AD9D00D6F7DA /* ofxGenericValueStoreUtility.cpp */,
				3C7B4E9014FC7CBF003121FE /* ofxGenericConstants.h */,
				456BACAC153DE6A50097D5D4 /* ofxGenericDate.cpp */,
				456BACAA153DE6960097D5D4 /* ofxGenericDate.h */,
				4544F5E81549D061007482B2 /* ofxGenericDrawableView.cpp */,
				4544F5E61549D057007482B2 /* ofxGenericDrawableView.h */,
				3CF590961506E78E00963966 /* ofxGenericEditTextView.cpp */,
				3CF590931506E6EA00963966 /* ofxGenericEditTextView.h */,
				3CA59B32153F4311008EE095 /* ofxGenericException.cpp */,
				3CA59B30153F40E7008EE095 /* ofxGenericException.h */,
				3C7B4E9114FC7CBF003121FE /* ofxGenericHTTPRequest.cpp */,
				3C7B4E9214FC7CBF003121FE /* ofxGenericHTTPRequest.h */,
				3C3ECD5B15CF1032002A6B5C /* ofxGenericHTTPRequestHolder.h */,
				3C3ECD5D15CF103C002A6B5C /* ofxGenericHTTPRequestHolder.cpp */,
				3C7B4E9514FC7CBF003121FE /* ofxGenericImageView.cpp */,
				3C7B4E9614FC7CBF003121FE /* ofxGenericImageView.h */,
				3C1E7B421508288D007B6723 /* ofxGenericLaunchView.cpp */,
				3C1E7B431508288D007B6723 /* ofxGenericLaunchView.h */,
				3C2DB20915474D8100000034 /* ofxGenericLocalization.cpp */,
				3C2DB20715474D1100000034 /* ofxGenericLocalization.h */,
				3C5336DA153F64A10046AFD8 /* ofxGenericMain.h */,
				3C2A68F51543786700BDB696 /* ofxGenericOpenGLView.cpp */,
				3C2A68F2154374F400BDB696 /* ofxGenericOpenGLView.h */,
				453DE3DC15F66AC400046917 /* ofxGenericPageControl.cpp */,
				453DE3DD15F66AC400046917 /* ofxGenericPageControl.h */,
				3C0AC1501522C34500872B70 /* ofxGenericPlatform.cpp */,
				3C0AC14E1522C2E700872B70 /* ofxGenericPlatform.h */,
				3C85FC6315114B1E001F5854 /* ofxGenericScrollView.cpp */,
				3C85FC5F151149B7001F5854 /* ofxGenericScrollView.h */,
				3C175686154527EF00B429E8 /* ofxGenericSliderView.cpp */,
				3C1756841545275700B429E8 /* ofxGenericSliderView.h */,
				3C7B4E9714FC7CBF003121FE /* ofxGenericTableView.cpp */,
				3C7B4E9814FC7CBF003121FE /* ofxGenericTableView.h */,
				3C7B4E9914FC7CBF003121FE /* ofxGenericTextView.cpp */,
				3C7B4E9A14FC7CBF003121FE /* ofxGenericTextView.h */,
				3C7B4E9B14FC7CBF003121FE /* ofxGenericUI.h */,
				3C7B4E9C14FC7CBF003121FE /* ofxGenericUtility.cpp */,
				3C7B4E9D14FC7CBF003121FE /* ofxGenericUtility.h */,
				3C7B4E9E14FC7CBF003121FE /* ofxGenericView.cpp */,
				3C7B4E9F14FC7CBF003121FE /* ofxGenericView.h */,
				3C6D4B2715584CB6004904CE /* ofxGenericSettings.h */,
				3C6D4B2A15584E4D004904CE /* ofxGenericSettings.cpp */,
				3C4D9C0A1559E64F00C02C92 /* ofxGenericTimer.h */,
				3C4D9C0C1559E69900C02C92 /* ofxGenericTimer.cpp */,
				3C0B9F9B1571F992009F61BE /* ofxGenericCameraPreviewView.h */,
				3C0B9F9D1571F9FA009F61BE /* ofxGenericCameraPreviewView.cpp */,
				3CE4B90D157D40EA0058CC70 /* ofxGenericFont.h */,
				3CE4B90F157D414F0058CC70 /* ofxGenericFont.cpp */,
				3CB572AA1596506A0060F9BE /* ofxGenericSelectorView.h */,
				3CB572AC1596512C0060F9BE /* ofxGenericSelectorView.cpp */,
				3C8349EF15C301170044DED3 /* ofxGenericAnimatedImageView.h */,
				3C8349F115C301410044DED3 /* ofxGenericAnimatedImageView.cpp */,
				3C5C788B15C780920099C59A /* ofxGenericFrameView.h */,
				3C5C788D15C7809F0099C59A /* ofxGenericFrameView.cpp */,
				3C16BB2115C7B8800062017A /* ofxGenericMicrophone.h */,
				3C16BB2315C7B8AF0062017A /* ofxGenericMicrophone.cpp */,
				3C4B96EB15DCCCEC003D0B8C /* ofxGenericTableViewCell.h */,
				3C4B96ED15DCCCF8003D0B8C /* ofxGenericTableViewCell.cpp */,
				3C96A11B16110F11000BA061 /* ofxGenericWebView.cpp */,
				3C96A11C16110F11000BA061 /* ofxGenericWebView.h */,
			);
			path = src;
			sourceTree = "<group>";
		};
		3C7B4E8614FC7CBF003121FE /* iOS */ = {
			isa = PBXGroup;
			children = (
				3C5336E2153F6ED60046AFD8 /* ofxGenericAppDelegate.h */,
				3C5336E3153F6ED60046AFD8 /* ofxGenericAppDelegate.mm */,
				3CC6222315AB930D009849CE /* ofxGenericUtilityiOS.h */,
				3C5336E4153F6ED60046AFD8 /* ofxGenericUtilityiOS.mm */,
			);
			path = iOS;
			sourceTree = "<group>";
		};
		3C85FC4D150FD108001F5854 /* addons */ = {
			isa = PBXGroup;
			children = (
				453C813215192A39005ED622 /* ofxXmlSettings */,
			);
			name = addons;
			sourceTree = "<group>";
		};
		3CA5336315B61A7900A8D36B /* configs */ = {
			isa = PBXGroup;
			children = (
				3CA5336415B61A7900A8D36B /* Debug.xcconfig */,
				3CA5336515B61A7900A8D36B /* Release.xcconfig */,
				3CA5336615B61A7900A8D36B /* SharedDebug.xcconfig */,
				3CA5336715B61A7900A8D36B /* SharedProject.xcconfig */,
				3CA5336815B61A7900A8D36B /* SharedRelease.xcconfig */,
			);
			path = configs;
			sourceTree = "<group>";
		};
		3CE94C7115E655F400E1BC73 /* Products */ = {
			isa = PBXGroup;
			children = (
				3CE94C7515E655F400E1BC73 /* libofxiPhone_iphoneos_Debug.a */,
			);
			name = Products;
			sourceTree = "<group>";
		};
		3CF2D27515ED8C35008A56AB /* iOS */ = {
			isa = PBXGroup;
			children = (
				3CF2D27615ED8C6E008A56AB /* uidevice-extension */,
				3C5336DC153F6A420046AFD8 /* OpenUDID */,
			);
			path = iOS;
			sourceTree = "<group>";
		};
		3CF2D27615ED8C6E008A56AB /* uidevice-extension */ = {
			isa = PBXGroup;
			children = (
				3CF2D2C015ED917D008A56AB /* Apple Sample Code */,
				3CF2D28B15ED8C6E008A56AB /* UIDevice-Capabilities.h */,
				3CF2D28C15ED8C6E008A56AB /* UIDevice-Capabilities.m */,
				3CF2D28D15ED8C6E008A56AB /* UIDevice-Hardware.h */,
				3CF2D28E15ED8C6E008A56AB /* UIDevice-Hardware.m */,
				3CF2D29115ED8C6E008A56AB /* UIDevice-Orientation.h */,
				3CF2D29215ED8C6E008A56AB /* UIDevice-Orientation.m */,
				3CF2D29315ED8C6E008A56AB /* UIDevice-Reachability.h */,
				3CF2D29415ED8C6E008A56AB /* UIDevice-Reachability.m */,
			);
			path = "uidevice-extension";
			sourceTree = "<group>";
		};
		3CF2D2C015ED917D008A56AB /* Apple Sample Code */ = {
			isa = PBXGroup;
			children = (
				3CF2D2C115ED917D008A56AB /* wwanconnect.c */,
				3CF2D2C215ED917D008A56AB /* wwanconnect.h */,
			);
			path = "Apple Sample Code";
			sourceTree = "<group>";
		};
		453C813215192A39005ED622 /* ofxXmlSettings */ = {
			isa = PBXGroup;
			children = (
				453C813415192A39005ED622 /* libs */,
				453C813915192A39005ED622 /* src */,
			);
			name = ofxXmlSettings;
			path = ../../libs/openFrameworks/addons/ofxXmlSettings;
			sourceTree = "<group>";
		};
		453C813415192A39005ED622 /* libs */ = {
			isa = PBXGroup;
			children = (
				453C813515192A39005ED622 /* tinyxml.cpp */,
				453C813615192A39005ED622 /* tinyxml.h */,
				453C813715192A39005ED622 /* tinyxmlerror.cpp */,
				453C813815192A39005ED622 /* tinyxmlparser.cpp */,
			);
			path = libs;
			sourceTree = "<group>";
		};
		453C813915192A39005ED622 /* src */ = {
			isa = PBXGroup;
			children = (
				453C813A15192A39005ED622 /* ofxXmlSettings.cpp */,
				453C813B15192A39005ED622 /* ofxXmlSettings.h */,
			);
			path = src;
			sourceTree = "<group>";
		};
		453E45B415365E1C00C66514 /* libs */ = {
			isa = PBXGroup;
			children = (
				3CF2D27515ED8C35008A56AB /* iOS */,
				453E45B515365E1C00C66514 /* ofxJSON */,
			);
			path = libs;
			sourceTree = "<group>";
		};
		453E45B515365E1C00C66514 /* ofxJSON */ = {
			isa = PBXGroup;
			children = (
				453E45B615365E1C00C66514 /* .gitignore */,
				453E45B715365E1C00C66514 /* lib */,
				453E460015365E1C00C66514 /* README */,
				453E460115365E1C00C66514 /* src */,
			);
			path = ofxJSON;
			sourceTree = "<group>";
		};
		453E45B715365E1C00C66514 /* lib */ = {
			isa = PBXGroup;
			children = (
				453E45B815365E1C00C66514 /* include */,
				453E45C215365E1C00C66514 /* src */,
			);
			path = lib;
			sourceTree = "<group>";
		};
		453E45B815365E1C00C66514 /* include */ = {
			isa = PBXGroup;
			children = (
				453E45B915365E1C00C66514 /* json */,
			);
			path = include;
			sourceTree = "<group>";
		};
		453E45B915365E1C00C66514 /* json */ = {
			isa = PBXGroup;
			children = (
				453E45BA15365E1C00C66514 /* autolink.h */,
				453E45BB15365E1C00C66514 /* config.h */,
				453E45BC15365E1C00C66514 /* features.h */,
				453E45BD15365E1C00C66514 /* forwards.h */,
				453E45BE15365E1C00C66514 /* json.h */,
				453E45BF15365E1C00C66514 /* reader.h */,
				453E45C015365E1C00C66514 /* value.h */,
				453E45C115365E1C00C66514 /* writer.h */,
			);
			path = json;
			sourceTree = "<group>";
		};
		453E45C215365E1C00C66514 /* src */ = {
			isa = PBXGroup;
			children = (
				453E45C315365E1C00C66514 /* lib_json */,
			);
			path = src;
			sourceTree = "<group>";
		};
		453E45C315365E1C00C66514 /* lib_json */ = {
			isa = PBXGroup;
			children = (
				453E45C415365E1C00C66514 /* json_batchallocator.h */,
				453E45C515365E1C00C66514 /* json_internalarray.inl */,
				453E45C615365E1C00C66514 /* json_internalmap.inl */,
				453E45C715365E1C00C66514 /* json_reader.cpp */,
				453E45C815365E1C00C66514 /* json_value.cpp */,
				453E45C915365E1C00C66514 /* json_valueiterator.inl */,
				453E45CA15365E1C00C66514 /* json_writer.cpp */,
			);
			path = lib_json;
			sourceTree = "<group>";
		};
		453E460115365E1C00C66514 /* src */ = {
			isa = PBXGroup;
			children = (
				453E460215365E1C00C66514 /* ofxJSONElement.cpp */,
				453E460315365E1C00C66514 /* ofxJSONElement.h */,
			);
			path = src;
			sourceTree = "<group>";
		};
/* End PBXGroup section */

/* Begin PBXHeadersBuildPhase section */
		3C7B4DD814FC78A1003121FE /* Headers */ = {
			isa = PBXHeadersBuildPhase;
			buildActionMask = 2147483647;
			files = (
				3C7B4EB614FC7CBF003121FE /* ofxAppGenericWindow.h in Headers */,
				3C7B4EB814FC7CBF003121FE /* ofxGenericApp.h in Headers */,
				3C7B4EBA14FC7CBF003121FE /* ofxGenericButtonView.h in Headers */,
				3C7B4EBB14FC7CBF003121FE /* ofxGenericConstants.h in Headers */,
				3C7B4EBD14FC7CBF003121FE /* ofxGenericHTTPRequest.h in Headers */,
				3C7B4EC114FC7CBF003121FE /* ofxGenericImageView.h in Headers */,
				3C7B4EC314FC7CBF003121FE /* ofxGenericTableView.h in Headers */,
				3C7B4EC514FC7CBF003121FE /* ofxGenericTextView.h in Headers */,
				3C7B4EC614FC7CBF003121FE /* ofxGenericUI.h in Headers */,
				3C7B4EC814FC7CBF003121FE /* ofxGenericUtility.h in Headers */,
				3C7B4ECA14FC7CBF003121FE /* ofxGenericView.h in Headers */,
				3CF590941506E6EA00963966 /* ofxGenericEditTextView.h in Headers */,
				3C1E7B451508288D007B6723 /* ofxGenericLaunchView.h in Headers */,
				3C85FC60151149B7001F5854 /* ofxGenericScrollView.h in Headers */,
				453C813D15192A39005ED622 /* tinyxml.h in Headers */,
				453C814115192A39005ED622 /* ofxXmlSettings.h in Headers */,
				453E461815365E1C00C66514 /* autolink.h in Headers */,
				453E461915365E1C00C66514 /* config.h in Headers */,
				453E461A15365E1C00C66514 /* features.h in Headers */,
				453E461B15365E1C00C66514 /* forwards.h in Headers */,
				453E461C15365E1C00C66514 /* json.h in Headers */,
				453E461D15365E1C00C66514 /* reader.h in Headers */,
				453E461E15365E1C00C66514 /* value.h in Headers */,
				453E461F15365E1C00C66514 /* writer.h in Headers */,
				453E462015365E1C00C66514 /* json_batchallocator.h in Headers */,
				453E463115365E1C00C66514 /* ofxJSONElement.h in Headers */,
				3C5336E0153F6A420046AFD8 /* OpenUDID.h in Headers */,
				3C5336E7153F6ED60046AFD8 /* ofxGenericAppDelegate.h in Headers */,
				454496161540C66600B21064 /* ofxGenericAlertView.h in Headers */,
				3C2A68F3154374F400BDB696 /* ofxGenericOpenGLView.h in Headers */,
				3CEBF17915890F9A008D2937 /* ofxGenericBarGraphView.h in Headers */,
				3CC6222415AB930D009849CE /* ofxGenericUtilityiOS.h in Headers */,
				3C3B1BA415CF71AC002A671A /* ofxGenericOAuthToken.h in Headers */,
				3C3B1BAF15CF73F0002A671A /* ofxGenericOAuthGrantHTTPRequest.h in Headers */,
				3C3B1BB115CF73F0002A671A /* ofxGenericOAuthHTTPRequest.h in Headers */,
				B54787E415E5759000ACF70F /* ofxGenericDateSelectorView.h in Headers */,
				3CF2D29D15ED8C6E008A56AB /* UIDevice-Capabilities.h in Headers */,
				3CF2D29F15ED8C6E008A56AB /* UIDevice-Hardware.h in Headers */,
				3CF2D2A315ED8C6E008A56AB /* UIDevice-Orientation.h in Headers */,
				3CF2D2A515ED8C6E008A56AB /* UIDevice-Reachability.h in Headers */,
				3CF2D2C415ED917D008A56AB /* wwanconnect.h in Headers */,
				453DE3DF15F66AC400046917 /* ofxGenericPageControl.h in Headers */,
				3C96A11E16110F11000BA061 /* ofxGenericWebView.h in Headers */,
			);
			runOnlyForDeploymentPostprocessing = 0;
		};
/* End PBXHeadersBuildPhase section */

/* Begin PBXNativeTarget section */
		3C7B4DD914FC78A1003121FE /* ofxGeneric */ = {
			isa = PBXNativeTarget;
			buildConfigurationList = 3C7B4DFE14FC78A1003121FE /* Build configuration list for PBXNativeTarget "ofxGeneric" */;
			buildPhases = (
				3C7B4DD614FC78A1003121FE /* Sources */,
				3C7B4DD714FC78A1003121FE /* Frameworks */,
				3C7B4DD814FC78A1003121FE /* Headers */,
			);
			buildRules = (
			);
			dependencies = (
				3CE94C7715E656B700E1BC73 /* PBXTargetDependency */,
			);
			name = ofxGeneric;
			productName = ofxGeneric;
			productReference = 3C7B4DDA14FC78A1003121FE /* libofxGeneric.a */;
			productType = "com.apple.product-type.library.static";
		};
/* End PBXNativeTarget section */

/* Begin PBXProject section */
		3C7B4DD114FC78A0003121FE /* Project object */ = {
			isa = PBXProject;
			attributes = {
				LastUpgradeCheck = 0430;
				ORGANIZATIONNAME = "Lumos Labs";
			};
			buildConfigurationList = 3C7B4DD414FC78A0003121FE /* Build configuration list for PBXProject "ofxGeneric" */;
			compatibilityVersion = "Xcode 3.2";
			developmentRegion = English;
			hasScannedForEncodings = 0;
			knownRegions = (
				en,
			);
			mainGroup = 3C7B4DCF14FC78A0003121FE;
			productRefGroup = 3C7B4DDB14FC78A1003121FE /* Products */;
			projectDirPath = "";
			projectReferences = (
				{
					ProductGroup = 3CE94C7115E655F400E1BC73 /* Products */;
					ProjectRef = 3C7B4ED414FC7D2E003121FE /* iOS+OFLib.xcodeproj */;
				},
			);
			projectRoot = "";
			targets = (
				3C7B4DD914FC78A1003121FE /* ofxGeneric */,
			);
		};
/* End PBXProject section */

/* Begin PBXReferenceProxy section */
		3CE94C7515E655F400E1BC73 /* libofxiPhone_iphoneos_Debug.a */ = {
			isa = PBXReferenceProxy;
			fileType = archive.ar;
			path = libofxiPhone_iphoneos_Debug.a;
			remoteRef = 3CE94C7415E655F400E1BC73 /* PBXContainerItemProxy */;
			sourceTree = BUILT_PRODUCTS_DIR;
		};
/* End PBXReferenceProxy section */

/* Begin PBXSourcesBuildPhase section */
		3C7B4DD614FC78A1003121FE /* Sources */ = {
			isa = PBXSourcesBuildPhase;
			buildActionMask = 2147483647;
			files = (
				3C7B4EB514FC7CBF003121FE /* ofxAppGenericWindow.cpp in Sources */,
				3C7B4EB714FC7CBF003121FE /* ofxGenericApp.cpp in Sources */,
				3C7B4EB914FC7CBF003121FE /* ofxGenericButtonView.cpp in Sources */,
				3C7B4EBC14FC7CBF003121FE /* ofxGenericHTTPRequest.cpp in Sources */,
				3C7B4EC014FC7CBF003121FE /* ofxGenericImageView.cpp in Sources */,
				3C7B4EC214FC7CBF003121FE /* ofxGenericTableView.cpp in Sources */,
				3C7B4EC414FC7CBF003121FE /* ofxGenericTextView.cpp in Sources */,
				3C7B4EC714FC7CBF003121FE /* ofxGenericUtility.cpp in Sources */,
				3C7B4EC914FC7CBF003121FE /* ofxGenericView.cpp in Sources */,
				3CF590971506E78E00963966 /* ofxGenericEditTextView.cpp in Sources */,
				3C1E7B441508288D007B6723 /* ofxGenericLaunchView.cpp in Sources */,
				3C17BC04150AA08E00DA1034 /* ofxGenericActivityView.cpp in Sources */,
				3C85FC6415114B1E001F5854 /* ofxGenericScrollView.cpp in Sources */,
				453C813C15192A39005ED622 /* tinyxml.cpp in Sources */,
				453C813E15192A39005ED622 /* tinyxmlerror.cpp in Sources */,
				453C813F15192A39005ED622 /* tinyxmlparser.cpp in Sources */,
				453C814015192A39005ED622 /* ofxXmlSettings.cpp in Sources */,
				3C0AC1511522C34500872B70 /* ofxGenericPlatform.cpp in Sources */,
				45037A491534E6E200ADB7EC /* ofxGenericValueStore.cpp in Sources */,
				453E462115365E1C00C66514 /* json_reader.cpp in Sources */,
				453E462215365E1C00C66514 /* json_value.cpp in Sources */,
				453E462315365E1C00C66514 /* json_writer.cpp in Sources */,
				453E463015365E1C00C66514 /* ofxJSONElement.cpp in Sources */,
				456BACAD153DE6A50097D5D4 /* ofxGenericDate.cpp in Sources */,
				3CA59B33153F4312008EE095 /* ofxGenericException.cpp in Sources */,
				3C5336E1153F6A420046AFD8 /* OpenUDID.m in Sources */,
				3C5336E8153F6ED60046AFD8 /* ofxGenericAppDelegate.mm in Sources */,
				3C5336E9153F6ED60046AFD8 /* ofxGenericUtilityiOS.mm in Sources */,
				454496151540C66600B21064 /* ofxGenericAlertView.cpp in Sources */,
				3C2A68F61543786700BDB696 /* ofxGenericOpenGLView.cpp in Sources */,
				3C175687154527EF00B429E8 /* ofxGenericSliderView.cpp in Sources */,
				3C2DB20A15474D8100000034 /* ofxGenericLocalization.cpp in Sources */,
				4544F5E91549D061007482B2 /* ofxGenericDrawableView.cpp in Sources */,
				3C6D4B2B15584E4D004904CE /* ofxGenericSettings.cpp in Sources */,
				3C4D9C0D1559E69900C02C92 /* ofxGenericTimer.cpp in Sources */,
				3C0B9F9E1571F9FA009F61BE /* ofxGenericCameraPreviewView.cpp in Sources */,
				3CE4B910157D414F0058CC70 /* ofxGenericFont.cpp in Sources */,
				3CF50AB31582AD9D00D6F7DA /* ofxGenericValueStoreUtility.cpp in Sources */,
				3CEBF17815890F9A008D2937 /* ofxGenericBarGraphView.cpp in Sources */,
				3CB572AD1596512C0060F9BE /* ofxGenericSelectorView.cpp in Sources */,
				3C8349F215C301410044DED3 /* ofxGenericAnimatedImageView.cpp in Sources */,
				3C5C788E15C7809F0099C59A /* ofxGenericFrameView.cpp in Sources */,
				3C16BB2415C7B8AF0062017A /* ofxGenericMicrophone.cpp in Sources */,
				3C3ECD5E15CF103C002A6B5C /* ofxGenericHTTPRequestHolder.cpp in Sources */,
				3C3B1BA315CF71AC002A671A /* ofxGenericOAuthToken.cpp in Sources */,
				3C3B1BAE15CF73F0002A671A /* ofxGenericOAuthGrantHTTPRequest.cpp in Sources */,
				3C3B1BB015CF73F0002A671A /* ofxGenericOAuthHTTPRequest.cpp in Sources */,
				3C4B96EE15DCCCF8003D0B8C /* ofxGenericTableViewCell.cpp in Sources */,
				B54787E315E5759000ACF70F /* ofxGenericDateSelectorView.cpp in Sources */,
				3CF2D29E15ED8C6E008A56AB /* UIDevice-Capabilities.m in Sources */,
				3CF2D2A015ED8C6E008A56AB /* UIDevice-Hardware.m in Sources */,
				3CF2D2A415ED8C6E008A56AB /* UIDevice-Orientation.m in Sources */,
				3CF2D2A615ED8C6E008A56AB /* UIDevice-Reachability.m in Sources */,
				3CF2D2C315ED917D008A56AB /* wwanconnect.c in Sources */,
				453DE3DE15F66AC400046917 /* ofxGenericPageControl.cpp in Sources */,
				3C96A11D16110F11000BA061 /* ofxGenericWebView.cpp in Sources */,
			);
			runOnlyForDeploymentPostprocessing = 0;
		};
/* End PBXSourcesBuildPhase section */

/* Begin PBXTargetDependency section */
		3CE94C7715E656B700E1BC73 /* PBXTargetDependency */ = {
			isa = PBXTargetDependency;
			name = "iPhone+OF Static Library";
			targetProxy = 3CE94C7615E656B700E1BC73 /* PBXContainerItemProxy */;
		};
/* End PBXTargetDependency section */

/* Begin XCBuildConfiguration section */
		3C7B4DFC14FC78A1003121FE /* Debug */ = {
			isa = XCBuildConfiguration;
			buildSettings = {
			};
			name = Debug;
		};
		3C7B4DFD14FC78A1003121FE /* Release */ = {
			isa = XCBuildConfiguration;
			buildSettings = {
			};
			name = Release;
		};
		3C7B4DFF14FC78A1003121FE /* Debug */ = {
			isa = XCBuildConfiguration;
			baseConfigurationReference = 3CA5336415B61A7900A8D36B /* Debug.xcconfig */;
			buildSettings = {
			};
			name = Debug;
		};
		3C7B4E0014FC78A1003121FE /* Release */ = {
			isa = XCBuildConfiguration;
			baseConfigurationReference = 3CA5336515B61A7900A8D36B /* Release.xcconfig */;
			buildSettings = {
			};
			name = Release;
		};
/* End XCBuildConfiguration section */

/* Begin XCConfigurationList section */
		3C7B4DD414FC78A0003121FE /* Build configuration list for PBXProject "ofxGeneric" */ = {
			isa = XCConfigurationList;
			buildConfigurations = (
				3C7B4DFC14FC78A1003121FE /* Debug */,
				3C7B4DFD14FC78A1003121FE /* Release */,
			);
			defaultConfigurationIsVisible = 0;
			defaultConfigurationName = Release;
		};
		3C7B4DFE14FC78A1003121FE /* Build configuration list for PBXNativeTarget "ofxGeneric" */ = {
			isa = XCConfigurationList;
			buildConfigurations = (
				3C7B4DFF14FC78A1003121FE /* Debug */,
				3C7B4E0014FC78A1003121FE /* Release */,
			);
			defaultConfigurationIsVisible = 0;
			defaultConfigurationName = Release;
		};
/* End XCConfigurationList section */
	};
	rootObject = 3C7B4DD114FC78A0003121FE /* Project object */;
}
