// !$*UTF8*$!
{
	archiveVersion = 1;
	classes = {
	};
	objectVersion = 46;
	objects = {

/* Begin PBXBuildFile section */
		3C1E7B441508288D007B6723 /* ofxGenericLaunchView.cpp in Sources */ = {isa = PBXBuildFile; fileRef = 3C1E7B421508288D007B6723 /* ofxGenericLaunchView.cpp */; };
		3C1E7B451508288D007B6723 /* ofxGenericLaunchView.h in Headers */ = {isa = PBXBuildFile; fileRef = 3C1E7B431508288D007B6723 /* ofxGenericLaunchView.h */; };
		3C7B4DDE14FC78A1003121FE /* Foundation.framework in Frameworks */ = {isa = PBXBuildFile; fileRef = 3C7B4DDD14FC78A1003121FE /* Foundation.framework */; };
		3C7B4EB214FC7CBF003121FE /* ofxGenericAppDelegate.h in Headers */ = {isa = PBXBuildFile; fileRef = 3C7B4E8714FC7CBF003121FE /* ofxGenericAppDelegate.h */; };
		3C7B4EB314FC7CBF003121FE /* ofxGenericAppDelegate.mm in Sources */ = {isa = PBXBuildFile; fileRef = 3C7B4E8814FC7CBF003121FE /* ofxGenericAppDelegate.mm */; };
		3C7B4EB414FC7CBF003121FE /* ofxGenericUtility.mm in Sources */ = {isa = PBXBuildFile; fileRef = 3C7B4E8914FC7CBF003121FE /* ofxGenericUtility.mm */; };
		3C7B4EB514FC7CBF003121FE /* ofxAppGenericWindow.cpp in Sources */ = {isa = PBXBuildFile; fileRef = 3C7B4E8A14FC7CBF003121FE /* ofxAppGenericWindow.cpp */; };
		3C7B4EB614FC7CBF003121FE /* ofxAppGenericWindow.h in Headers */ = {isa = PBXBuildFile; fileRef = 3C7B4E8B14FC7CBF003121FE /* ofxAppGenericWindow.h */; };
		3C7B4EB714FC7CBF003121FE /* ofxGenericApp.cpp in Sources */ = {isa = PBXBuildFile; fileRef = 3C7B4E8C14FC7CBF003121FE /* ofxGenericApp.cpp */; };
		3C7B4EB814FC7CBF003121FE /* ofxGenericApp.h in Headers */ = {isa = PBXBuildFile; fileRef = 3C7B4E8D14FC7CBF003121FE /* ofxGenericApp.h */; };
		3C7B4EB914FC7CBF003121FE /* ofxGenericButtonView.cpp in Sources */ = {isa = PBXBuildFile; fileRef = 3C7B4E8E14FC7CBF003121FE /* ofxGenericButtonView.cpp */; };
		3C7B4EBA14FC7CBF003121FE /* ofxGenericButtonView.h in Headers */ = {isa = PBXBuildFile; fileRef = 3C7B4E8F14FC7CBF003121FE /* ofxGenericButtonView.h */; };
		3C7B4EBB14FC7CBF003121FE /* ofxGenericConstants.h in Headers */ = {isa = PBXBuildFile; fileRef = 3C7B4E9014FC7CBF003121FE /* ofxGenericConstants.h */; };
		3C7B4EBC14FC7CBF003121FE /* ofxGenericHTTPRequest.cpp in Sources */ = {isa = PBXBuildFile; fileRef = 3C7B4E9114FC7CBF003121FE /* ofxGenericHTTPRequest.cpp */; };
		3C7B4EBD14FC7CBF003121FE /* ofxGenericHTTPRequest.h in Headers */ = {isa = PBXBuildFile; fileRef = 3C7B4E9214FC7CBF003121FE /* ofxGenericHTTPRequest.h */; };
		3C7B4EBE14FC7CBF003121FE /* ofxGenericHTTPResponse.cpp in Sources */ = {isa = PBXBuildFile; fileRef = 3C7B4E9314FC7CBF003121FE /* ofxGenericHTTPResponse.cpp */; };
		3C7B4EBF14FC7CBF003121FE /* ofxGenericHTTPResponse.h in Headers */ = {isa = PBXBuildFile; fileRef = 3C7B4E9414FC7CBF003121FE /* ofxGenericHTTPResponse.h */; };
		3C7B4EC014FC7CBF003121FE /* ofxGenericImageView.cpp in Sources */ = {isa = PBXBuildFile; fileRef = 3C7B4E9514FC7CBF003121FE /* ofxGenericImageView.cpp */; };
		3C7B4EC114FC7CBF003121FE /* ofxGenericImageView.h in Headers */ = {isa = PBXBuildFile; fileRef = 3C7B4E9614FC7CBF003121FE /* ofxGenericImageView.h */; };
		3C7B4EC214FC7CBF003121FE /* ofxGenericTableView.cpp in Sources */ = {isa = PBXBuildFile; fileRef = 3C7B4E9714FC7CBF003121FE /* ofxGenericTableView.cpp */; };
		3C7B4EC314FC7CBF003121FE /* ofxGenericTableView.h in Headers */ = {isa = PBXBuildFile; fileRef = 3C7B4E9814FC7CBF003121FE /* ofxGenericTableView.h */; };
		3C7B4EC414FC7CBF003121FE /* ofxGenericTextView.cpp in Sources */ = {isa = PBXBuildFile; fileRef = 3C7B4E9914FC7CBF003121FE /* ofxGenericTextView.cpp */; };
		3C7B4EC514FC7CBF003121FE /* ofxGenericTextView.h in Headers */ = {isa = PBXBuildFile; fileRef = 3C7B4E9A14FC7CBF003121FE /* ofxGenericTextView.h */; };
		3C7B4EC614FC7CBF003121FE /* ofxGenericUI.h in Headers */ = {isa = PBXBuildFile; fileRef = 3C7B4E9B14FC7CBF003121FE /* ofxGenericUI.h */; };
		3C7B4EC714FC7CBF003121FE /* ofxGenericUtility.cpp in Sources */ = {isa = PBXBuildFile; fileRef = 3C7B4E9C14FC7CBF003121FE /* ofxGenericUtility.cpp */; };
		3C7B4EC814FC7CBF003121FE /* ofxGenericUtility.h in Headers */ = {isa = PBXBuildFile; fileRef = 3C7B4E9D14FC7CBF003121FE /* ofxGenericUtility.h */; };
		3C7B4EC914FC7CBF003121FE /* ofxGenericView.cpp in Sources */ = {isa = PBXBuildFile; fileRef = 3C7B4E9E14FC7CBF003121FE /* ofxGenericView.cpp */; };
		3C7B4ECA14FC7CBF003121FE /* ofxGenericView.h in Headers */ = {isa = PBXBuildFile; fileRef = 3C7B4E9F14FC7CBF003121FE /* ofxGenericView.h */; };
		3CB302171506DB5B00A1A91F /* libofxiPhone_iphoneos.a in Frameworks */ = {isa = PBXBuildFile; fileRef = 3C7B4EDC14FC7D2E003121FE /* libofxiPhone_iphoneos.a */; };
		3CF590941506E6EA00963966 /* ofxGenericEditTextView.h in Headers */ = {isa = PBXBuildFile; fileRef = 3CF590931506E6EA00963966 /* ofxGenericEditTextView.h */; };
		3CF590971506E78E00963966 /* ofxGenericEditTextView.cpp in Sources */ = {isa = PBXBuildFile; fileRef = 3CF590961506E78E00963966 /* ofxGenericEditTextView.cpp */; };
/* End PBXBuildFile section */

/* Begin PBXContainerItemProxy section */
		3C7B4EDB14FC7D2E003121FE /* PBXContainerItemProxy */ = {
			isa = PBXContainerItemProxy;
			containerPortal = 3C7B4ED414FC7D2E003121FE /* iPhone+OF Lib.xcodeproj */;
			proxyType = 2;
			remoteGlobalIDString = BB24DED610DA7A3F00E9C588;
			remoteInfo = "iPhone+OF Static Library";
		};
		3C7B4EE114FC7D41003121FE /* PBXContainerItemProxy */ = {
			isa = PBXContainerItemProxy;
			containerPortal = 3C7B4ED414FC7D2E003121FE /* iPhone+OF Lib.xcodeproj */;
			proxyType = 1;
			remoteGlobalIDString = BB24DE5C10DA7A3F00E9C588;
			remoteInfo = "iPhone+OF Static Library";
		};
/* End PBXContainerItemProxy section */

/* Begin PBXFileReference section */
		3C1E7B421508288D007B6723 /* ofxGenericLaunchView.cpp */ = {isa = PBXFileReference; explicitFileType = sourcecode.cpp.objcpp; fileEncoding = 4; path = ofxGenericLaunchView.cpp; sourceTree = "<group>"; };
		3C1E7B431508288D007B6723 /* ofxGenericLaunchView.h */ = {isa = PBXFileReference; fileEncoding = 4; lastKnownFileType = sourcecode.c.h; path = ofxGenericLaunchView.h; sourceTree = "<group>"; };
		3C7B4DDA14FC78A1003121FE /* libofxGeneric.a */ = {isa = PBXFileReference; explicitFileType = archive.ar; includeInIndex = 0; path = libofxGeneric.a; sourceTree = BUILT_PRODUCTS_DIR; };
		3C7B4DDD14FC78A1003121FE /* Foundation.framework */ = {isa = PBXFileReference; lastKnownFileType = wrapper.framework; name = Foundation.framework; path = System/Library/Frameworks/Foundation.framework; sourceTree = SDKROOT; };
		3C7B4DED14FC78A1003121FE /* UIKit.framework */ = {isa = PBXFileReference; lastKnownFileType = wrapper.framework; name = UIKit.framework; path = /Developer/Platforms/iPhoneOS.platform/Developer/SDKs/iPhoneOS5.0.sdk/System/Library/Frameworks/UIKit.framework; sourceTree = "<absolute>"; };
		3C7B4E6714FC7C56003121FE /* Project.xcconfig */ = {isa = PBXFileReference; fileEncoding = 4; lastKnownFileType = text.xcconfig; path = Project.xcconfig; sourceTree = "<group>"; };
		3C7B4E8714FC7CBF003121FE /* ofxGenericAppDelegate.h */ = {isa = PBXFileReference; fileEncoding = 4; lastKnownFileType = sourcecode.c.h; path = ofxGenericAppDelegate.h; sourceTree = "<group>"; };
		3C7B4E8814FC7CBF003121FE /* ofxGenericAppDelegate.mm */ = {isa = PBXFileReference; fileEncoding = 4; lastKnownFileType = sourcecode.cpp.objcpp; path = ofxGenericAppDelegate.mm; sourceTree = "<group>"; };
		3C7B4E8914FC7CBF003121FE /* ofxGenericUtility.mm */ = {isa = PBXFileReference; fileEncoding = 4; lastKnownFileType = sourcecode.cpp.objcpp; path = ofxGenericUtility.mm; sourceTree = "<group>"; };
		3C7B4E8A14FC7CBF003121FE /* ofxAppGenericWindow.cpp */ = {isa = PBXFileReference; explicitFileType = sourcecode.cpp.objcpp; fileEncoding = 4; path = ofxAppGenericWindow.cpp; sourceTree = "<group>"; };
		3C7B4E8B14FC7CBF003121FE /* ofxAppGenericWindow.h */ = {isa = PBXFileReference; fileEncoding = 4; lastKnownFileType = sourcecode.c.h; path = ofxAppGenericWindow.h; sourceTree = "<group>"; };
		3C7B4E8C14FC7CBF003121FE /* ofxGenericApp.cpp */ = {isa = PBXFileReference; explicitFileType = sourcecode.cpp.objcpp; fileEncoding = 4; path = ofxGenericApp.cpp; sourceTree = "<group>"; };
		3C7B4E8D14FC7CBF003121FE /* ofxGenericApp.h */ = {isa = PBXFileReference; fileEncoding = 4; lastKnownFileType = sourcecode.c.h; path = ofxGenericApp.h; sourceTree = "<group>"; };
		3C7B4E8E14FC7CBF003121FE /* ofxGenericButtonView.cpp */ = {isa = PBXFileReference; explicitFileType = sourcecode.cpp.objcpp; fileEncoding = 4; path = ofxGenericButtonView.cpp; sourceTree = "<group>"; };
		3C7B4E8F14FC7CBF003121FE /* ofxGenericButtonView.h */ = {isa = PBXFileReference; fileEncoding = 4; lastKnownFileType = sourcecode.c.h; path = ofxGenericButtonView.h; sourceTree = "<group>"; };
		3C7B4E9014FC7CBF003121FE /* ofxGenericConstants.h */ = {isa = PBXFileReference; fileEncoding = 4; lastKnownFileType = sourcecode.c.h; path = ofxGenericConstants.h; sourceTree = "<group>"; };
		3C7B4E9114FC7CBF003121FE /* ofxGenericHTTPRequest.cpp */ = {isa = PBXFileReference; explicitFileType = sourcecode.cpp.objcpp; fileEncoding = 4; path = ofxGenericHTTPRequest.cpp; sourceTree = "<group>"; };
		3C7B4E9214FC7CBF003121FE /* ofxGenericHTTPRequest.h */ = {isa = PBXFileReference; fileEncoding = 4; lastKnownFileType = sourcecode.c.h; path = ofxGenericHTTPRequest.h; sourceTree = "<group>"; };
		3C7B4E9314FC7CBF003121FE /* ofxGenericHTTPResponse.cpp */ = {isa = PBXFileReference; explicitFileType = sourcecode.cpp.objcpp; fileEncoding = 4; path = ofxGenericHTTPResponse.cpp; sourceTree = "<group>"; };
		3C7B4E9414FC7CBF003121FE /* ofxGenericHTTPResponse.h */ = {isa = PBXFileReference; fileEncoding = 4; lastKnownFileType = sourcecode.c.h; path = ofxGenericHTTPResponse.h; sourceTree = "<group>"; };
		3C7B4E9514FC7CBF003121FE /* ofxGenericImageView.cpp */ = {isa = PBXFileReference; explicitFileType = sourcecode.cpp.objcpp; fileEncoding = 4; path = ofxGenericImageView.cpp; sourceTree = "<group>"; };
		3C7B4E9614FC7CBF003121FE /* ofxGenericImageView.h */ = {isa = PBXFileReference; fileEncoding = 4; lastKnownFileType = sourcecode.c.h; path = ofxGenericImageView.h; sourceTree = "<group>"; };
		3C7B4E9714FC7CBF003121FE /* ofxGenericTableView.cpp */ = {isa = PBXFileReference; explicitFileType = sourcecode.cpp.objcpp; fileEncoding = 4; path = ofxGenericTableView.cpp; sourceTree = "<group>"; };
		3C7B4E9814FC7CBF003121FE /* ofxGenericTableView.h */ = {isa = PBXFileReference; fileEncoding = 4; lastKnownFileType = sourcecode.c.h; path = ofxGenericTableView.h; sourceTree = "<group>"; };
		3C7B4E9914FC7CBF003121FE /* ofxGenericTextView.cpp */ = {isa = PBXFileReference; explicitFileType = sourcecode.cpp.objcpp; fileEncoding = 4; path = ofxGenericTextView.cpp; sourceTree = "<group>"; };
		3C7B4E9A14FC7CBF003121FE /* ofxGenericTextView.h */ = {isa = PBXFileReference; fileEncoding = 4; lastKnownFileType = sourcecode.c.h; path = ofxGenericTextView.h; sourceTree = "<group>"; };
		3C7B4E9B14FC7CBF003121FE /* ofxGenericUI.h */ = {isa = PBXFileReference; fileEncoding = 4; lastKnownFileType = sourcecode.c.h; path = ofxGenericUI.h; sourceTree = "<group>"; };
		3C7B4E9C14FC7CBF003121FE /* ofxGenericUtility.cpp */ = {isa = PBXFileReference; explicitFileType = sourcecode.cpp.objcpp; fileEncoding = 4; path = ofxGenericUtility.cpp; sourceTree = "<group>"; };
		3C7B4E9D14FC7CBF003121FE /* ofxGenericUtility.h */ = {isa = PBXFileReference; fileEncoding = 4; lastKnownFileType = sourcecode.c.h; path = ofxGenericUtility.h; sourceTree = "<group>"; };
		3C7B4E9E14FC7CBF003121FE /* ofxGenericView.cpp */ = {isa = PBXFileReference; explicitFileType = sourcecode.cpp.objcpp; fileEncoding = 4; path = ofxGenericView.cpp; sourceTree = "<group>"; };
		3C7B4E9F14FC7CBF003121FE /* ofxGenericView.h */ = {isa = PBXFileReference; fileEncoding = 4; lastKnownFileType = sourcecode.c.h; path = ofxGenericView.h; sourceTree = "<group>"; };
		3C7B4ED414FC7D2E003121FE /* iPhone+OF Lib.xcodeproj */ = {isa = PBXFileReference; lastKnownFileType = "wrapper.pb-project"; name = "iPhone+OF Lib.xcodeproj"; path = "../../libs/openFrameworks/libs/openFrameworksCompiled/project/iphone/iPhone+OF Lib.xcodeproj"; sourceTree = "<group>"; };
		3C7B4F0B14FC85D9003121FE /* OpenGLES.framework */ = {isa = PBXFileReference; lastKnownFileType = wrapper.framework; name = OpenGLES.framework; path = System/Library/Frameworks/OpenGLES.framework; sourceTree = SDKROOT; };
		3C7B4F1214FC8612003121FE /* CoreGraphics.framework */ = {isa = PBXFileReference; lastKnownFileType = wrapper.framework; name = CoreGraphics.framework; path = System/Library/Frameworks/CoreGraphics.framework; sourceTree = SDKROOT; };
		3C7B4F1414FC861A003121FE /* AudioToolbox.framework */ = {isa = PBXFileReference; lastKnownFileType = wrapper.framework; name = AudioToolbox.framework; path = System/Library/Frameworks/AudioToolbox.framework; sourceTree = SDKROOT; };
		3C7B4F1614FD4E13003121FE /* OpenAL.framework */ = {isa = PBXFileReference; lastKnownFileType = wrapper.framework; name = OpenAL.framework; path = System/Library/Frameworks/OpenAL.framework; sourceTree = SDKROOT; };
		3C7B4F1814FD4E1C003121FE /* AVFoundation.framework */ = {isa = PBXFileReference; lastKnownFileType = wrapper.framework; name = AVFoundation.framework; path = System/Library/Frameworks/AVFoundation.framework; sourceTree = SDKROOT; };
		3CBAC5F914FD4E60002A12C8 /* QuartzCore.framework */ = {isa = PBXFileReference; lastKnownFileType = wrapper.framework; name = QuartzCore.framework; path = System/Library/Frameworks/QuartzCore.framework; sourceTree = SDKROOT; };
		3CBAC5FC14FD4E73002A12C8 /* CoreLocation.framework */ = {isa = PBXFileReference; lastKnownFileType = wrapper.framework; name = CoreLocation.framework; path = System/Library/Frameworks/CoreLocation.framework; sourceTree = SDKROOT; };
		3CBAC5FE14FD4EA7002A12C8 /* CoreMedia.framework */ = {isa = PBXFileReference; lastKnownFileType = wrapper.framework; name = CoreMedia.framework; path = System/Library/Frameworks/CoreMedia.framework; sourceTree = SDKROOT; };
		3CBAC60014FD4EC8002A12C8 /* CoreVideo.framework */ = {isa = PBXFileReference; lastKnownFileType = wrapper.framework; name = CoreVideo.framework; path = System/Library/Frameworks/CoreVideo.framework; sourceTree = SDKROOT; };
		3CF590931506E6EA00963966 /* ofxGenericEditTextView.h */ = {isa = PBXFileReference; fileEncoding = 4; lastKnownFileType = sourcecode.c.h; path = ofxGenericEditTextView.h; sourceTree = "<group>"; };
		3CF590961506E78E00963966 /* ofxGenericEditTextView.cpp */ = {isa = PBXFileReference; explicitFileType = sourcecode.cpp.objcpp; fileEncoding = 4; path = ofxGenericEditTextView.cpp; sourceTree = "<group>"; };
/* End PBXFileReference section */

/* Begin PBXFrameworksBuildPhase section */
		3C7B4DD714FC78A1003121FE /* Frameworks */ = {
			isa = PBXFrameworksBuildPhase;
			buildActionMask = 2147483647;
			files = (
				3CB302171506DB5B00A1A91F /* libofxiPhone_iphoneos.a in Frameworks */,
				3C7B4DDE14FC78A1003121FE /* Foundation.framework in Frameworks */,
			);
			runOnlyForDeploymentPostprocessing = 0;
		};
/* End PBXFrameworksBuildPhase section */

/* Begin PBXGroup section */
		3C7B4DCF14FC78A0003121FE = {
			isa = PBXGroup;
			children = (
				3C7B4E6714FC7C56003121FE /* Project.xcconfig */,
				3C7B4E6E14FC7CBF003121FE /* src */,
				3C7B4DDC14FC78A1003121FE /* Frameworks */,
				3C7B4DDB14FC78A1003121FE /* Products */,
			);
			sourceTree = "<group>";
		};
		3C7B4DDB14FC78A1003121FE /* Products */ = {
			isa = PBXGroup;
			children = (
				3C7B4DDA14FC78A1003121FE /* libofxGeneric.a */,
			);
			name = Products;
			sourceTree = "<group>";
		};
		3C7B4DDC14FC78A1003121FE /* Frameworks */ = {
			isa = PBXGroup;
			children = (
				3C7B4ED414FC7D2E003121FE /* iPhone+OF Lib.xcodeproj */,
				3CBAC60014FD4EC8002A12C8 /* CoreVideo.framework */,
				3CBAC5FE14FD4EA7002A12C8 /* CoreMedia.framework */,
				3CBAC5FC14FD4E73002A12C8 /* CoreLocation.framework */,
				3CBAC5F914FD4E60002A12C8 /* QuartzCore.framework */,
				3C7B4F1814FD4E1C003121FE /* AVFoundation.framework */,
				3C7B4F1614FD4E13003121FE /* OpenAL.framework */,
				3C7B4F1414FC861A003121FE /* AudioToolbox.framework */,
				3C7B4F1214FC8612003121FE /* CoreGraphics.framework */,
				3C7B4F0B14FC85D9003121FE /* OpenGLES.framework */,
				3C7B4DDD14FC78A1003121FE /* Foundation.framework */,
				3C7B4DED14FC78A1003121FE /* UIKit.framework */,
			);
			name = Frameworks;
			sourceTree = "<group>";
		};
		3C7B4E6E14FC7CBF003121FE /* src */ = {
			isa = PBXGroup;
			children = (
				3C7B4E8614FC7CBF003121FE /* iphone */,
				3C7B4E8A14FC7CBF003121FE /* ofxAppGenericWindow.cpp */,
				3C7B4E8B14FC7CBF003121FE /* ofxAppGenericWindow.h */,
				3C7B4E8C14FC7CBF003121FE /* ofxGenericApp.cpp */,
				3C7B4E8D14FC7CBF003121FE /* ofxGenericApp.h */,
				3C7B4E8E14FC7CBF003121FE /* ofxGenericButtonView.cpp */,
				3C7B4E8F14FC7CBF003121FE /* ofxGenericButtonView.h */,
				3C7B4E9014FC7CBF003121FE /* ofxGenericConstants.h */,
				3C7B4E9114FC7CBF003121FE /* ofxGenericHTTPRequest.cpp */,
				3C7B4E9214FC7CBF003121FE /* ofxGenericHTTPRequest.h */,
				3C7B4E9314FC7CBF003121FE /* ofxGenericHTTPResponse.cpp */,
				3C7B4E9414FC7CBF003121FE /* ofxGenericHTTPResponse.h */,
				3C7B4E9514FC7CBF003121FE /* ofxGenericImageView.cpp */,
				3C7B4E9614FC7CBF003121FE /* ofxGenericImageView.h */,
				3C7B4E9714FC7CBF003121FE /* ofxGenericTableView.cpp */,
				3C7B4E9814FC7CBF003121FE /* ofxGenericTableView.h */,
				3C7B4E9914FC7CBF003121FE /* ofxGenericTextView.cpp */,
				3C7B4E9A14FC7CBF003121FE /* ofxGenericTextView.h */,
				3C7B4E9B14FC7CBF003121FE /* ofxGenericUI.h */,
				3C7B4E9C14FC7CBF003121FE /* ofxGenericUtility.cpp */,
				3C7B4E9D14FC7CBF003121FE /* ofxGenericUtility.h */,
				3C7B4E9E14FC7CBF003121FE /* ofxGenericView.cpp */,
				3C7B4E9F14FC7CBF003121FE /* ofxGenericView.h */,
				3CF590931506E6EA00963966 /* ofxGenericEditTextView.h */,
				3CF590961506E78E00963966 /* ofxGenericEditTextView.cpp */,
				3C1E7B421508288D007B6723 /* ofxGenericLaunchView.cpp */,
				3C1E7B431508288D007B6723 /* ofxGenericLaunchView.h */,
			);
			path = src;
			sourceTree = "<group>";
		};
		3C7B4E8614FC7CBF003121FE /* iphone */ = {
			isa = PBXGroup;
			children = (
				3C7B4E8714FC7CBF003121FE /* ofxGenericAppDelegate.h */,
				3C7B4E8814FC7CBF003121FE /* ofxGenericAppDelegate.mm */,
				3C7B4E8914FC7CBF003121FE /* ofxGenericUtility.mm */,
			);
			path = iphone;
			sourceTree = "<group>";
		};
		3C7B4ED514FC7D2E003121FE /* Products */ = {
			isa = PBXGroup;
			children = (
				3C7B4EDC14FC7D2E003121FE /* libofxiPhone_iphoneos.a */,
			);
			name = Products;
			sourceTree = "<group>";
		};
/* End PBXGroup section */

/* Begin PBXHeadersBuildPhase section */
		3C7B4DD814FC78A1003121FE /* Headers */ = {
			isa = PBXHeadersBuildPhase;
			buildActionMask = 2147483647;
			files = (
				3C7B4EB214FC7CBF003121FE /* ofxGenericAppDelegate.h in Headers */,
				3C7B4EB614FC7CBF003121FE /* ofxAppGenericWindow.h in Headers */,
				3C7B4EB814FC7CBF003121FE /* ofxGenericApp.h in Headers */,
				3C7B4EBA14FC7CBF003121FE /* ofxGenericButtonView.h in Headers */,
				3C7B4EBB14FC7CBF003121FE /* ofxGenericConstants.h in Headers */,
				3C7B4EBD14FC7CBF003121FE /* ofxGenericHTTPRequest.h in Headers */,
				3C7B4EBF14FC7CBF003121FE /* ofxGenericHTTPResponse.h in Headers */,
				3C7B4EC114FC7CBF003121FE /* ofxGenericImageView.h in Headers */,
				3C7B4EC314FC7CBF003121FE /* ofxGenericTableView.h in Headers */,
				3C7B4EC514FC7CBF003121FE /* ofxGenericTextView.h in Headers */,
				3C7B4EC614FC7CBF003121FE /* ofxGenericUI.h in Headers */,
				3C7B4EC814FC7CBF003121FE /* ofxGenericUtility.h in Headers */,
				3C7B4ECA14FC7CBF003121FE /* ofxGenericView.h in Headers */,
				3CF590941506E6EA00963966 /* ofxGenericEditTextView.h in Headers */,
				3C1E7B451508288D007B6723 /* ofxGenericLaunchView.h in Headers */,
			);
			runOnlyForDeploymentPostprocessing = 0;
		};
/* End PBXHeadersBuildPhase section */

/* Begin PBXNativeTarget section */
		3C7B4DD914FC78A1003121FE /* ofxGeneric */ = {
			isa = PBXNativeTarget;
			buildConfigurationList = 3C7B4DFE14FC78A1003121FE /* Build configuration list for PBXNativeTarget "ofxGeneric" */;
			buildPhases = (
				3C7B4DD614FC78A1003121FE /* Sources */,
				3C7B4DD714FC78A1003121FE /* Frameworks */,
				3C7B4DD814FC78A1003121FE /* Headers */,
			);
			buildRules = (
			);
			dependencies = (
				3C7B4EE214FC7D41003121FE /* PBXTargetDependency */,
			);
			name = ofxGeneric;
			productName = ofxGeneric;
			productReference = 3C7B4DDA14FC78A1003121FE /* libofxGeneric.a */;
			productType = "com.apple.product-type.library.static";
		};
/* End PBXNativeTarget section */

/* Begin PBXProject section */
		3C7B4DD114FC78A0003121FE /* Project object */ = {
			isa = PBXProject;
			attributes = {
				LastUpgradeCheck = 0420;
				ORGANIZATIONNAME = "Lumos Labs";
			};
			buildConfigurationList = 3C7B4DD414FC78A0003121FE /* Build configuration list for PBXProject "ofxGeneric" */;
			compatibilityVersion = "Xcode 3.2";
			developmentRegion = English;
			hasScannedForEncodings = 0;
			knownRegions = (
				en,
			);
			mainGroup = 3C7B4DCF14FC78A0003121FE;
			productRefGroup = 3C7B4DDB14FC78A1003121FE /* Products */;
			projectDirPath = "";
			projectReferences = (
				{
					ProductGroup = 3C7B4ED514FC7D2E003121FE /* Products */;
					ProjectRef = 3C7B4ED414FC7D2E003121FE /* iPhone+OF Lib.xcodeproj */;
				},
			);
			projectRoot = "";
			targets = (
				3C7B4DD914FC78A1003121FE /* ofxGeneric */,
			);
		};
/* End PBXProject section */

/* Begin PBXReferenceProxy section */
		3C7B4EDC14FC7D2E003121FE /* libofxiPhone_iphoneos.a */ = {
			isa = PBXReferenceProxy;
			fileType = archive.ar;
			path = libofxiPhone_iphoneos.a;
			remoteRef = 3C7B4EDB14FC7D2E003121FE /* PBXContainerItemProxy */;
			sourceTree = BUILT_PRODUCTS_DIR;
		};
/* End PBXReferenceProxy section */

/* Begin PBXSourcesBuildPhase section */
		3C7B4DD614FC78A1003121FE /* Sources */ = {
			isa = PBXSourcesBuildPhase;
			buildActionMask = 2147483647;
			files = (
				3C7B4EB314FC7CBF003121FE /* ofxGenericAppDelegate.mm in Sources */,
				3C7B4EB414FC7CBF003121FE /* ofxGenericUtility.mm in Sources */,
				3C7B4EB514FC7CBF003121FE /* ofxAppGenericWindow.cpp in Sources */,
				3C7B4EB714FC7CBF003121FE /* ofxGenericApp.cpp in Sources */,
				3C7B4EB914FC7CBF003121FE /* ofxGenericButtonView.cpp in Sources */,
				3C7B4EBC14FC7CBF003121FE /* ofxGenericHTTPRequest.cpp in Sources */,
				3C7B4EBE14FC7CBF003121FE /* ofxGenericHTTPResponse.cpp in Sources */,
				3C7B4EC014FC7CBF003121FE /* ofxGenericImageView.cpp in Sources */,
				3C7B4EC214FC7CBF003121FE /* ofxGenericTableView.cpp in Sources */,
				3C7B4EC414FC7CBF003121FE /* ofxGenericTextView.cpp in Sources */,
				3C7B4EC714FC7CBF003121FE /* ofxGenericUtility.cpp in Sources */,
				3C7B4EC914FC7CBF003121FE /* ofxGenericView.cpp in Sources */,
				3CF590971506E78E00963966 /* ofxGenericEditTextView.cpp in Sources */,
				3C1E7B441508288D007B6723 /* ofxGenericLaunchView.cpp in Sources */,
			);
			runOnlyForDeploymentPostprocessing = 0;
		};
/* End PBXSourcesBuildPhase section */

/* Begin PBXTargetDependency section */
		3C7B4EE214FC7D41003121FE /* PBXTargetDependency */ = {
			isa = PBXTargetDependency;
			name = "iPhone+OF Static Library";
			targetProxy = 3C7B4EE114FC7D41003121FE /* PBXContainerItemProxy */;
		};
/* End PBXTargetDependency section */

/* Begin XCBuildConfiguration section */
		3C7B4DFC14FC78A1003121FE /* Debug */ = {
			isa = XCBuildConfiguration;
			baseConfigurationReference = 3C7B4E6714FC7C56003121FE /* Project.xcconfig */;
			buildSettings = {
				ARCHS = (
					armv6,
					armv7,
				);
				COPY_PHASE_STRIP = NO;
				GCC_C_LANGUAGE_STANDARD = gnu99;
				GCC_DYNAMIC_NO_PIC = NO;
				GCC_OPTIMIZATION_LEVEL = 0;
				GCC_PREPROCESSOR_DEFINITIONS = (
					"DEBUG=1",
					"$(inherited)",
				);
				GCC_SYMBOLS_PRIVATE_EXTERN = NO;
				GCC_VERSION = com.apple.compilers.llvm.clang.1_0;
				GCC_WARN_ABOUT_MISSING_PROTOTYPES = YES;
				GCC_WARN_ABOUT_RETURN_TYPE = YES;
				GCC_WARN_UNUSED_VARIABLE = YES;
				HEADER_SEARCH_PATHS = (
					"src/**",
					"$(OF_CORE_HEADERS)",
				);
				IPHONEOS_DEPLOYMENT_TARGET = 5.0;
				SDKROOT = iphoneos;
			};
			name = Debug;
		};
		3C7B4DFD14FC78A1003121FE /* Release */ = {
			isa = XCBuildConfiguration;
			baseConfigurationReference = 3C7B4E6714FC7C56003121FE /* Project.xcconfig */;
			buildSettings = {
				ARCHS = (
					armv6,
					armv7,
				);
				COPY_PHASE_STRIP = YES;
				GCC_C_LANGUAGE_STANDARD = gnu99;
				GCC_VERSION = com.apple.compilers.llvm.clang.1_0;
				GCC_WARN_ABOUT_MISSING_PROTOTYPES = YES;
				GCC_WARN_ABOUT_RETURN_TYPE = YES;
				GCC_WARN_UNUSED_VARIABLE = YES;
				HEADER_SEARCH_PATHS = (
					"src/**",
					"$(OF_CORE_HEADERS)",
				);
				IPHONEOS_DEPLOYMENT_TARGET = 5.0;
				SDKROOT = iphoneos;
				VALIDATE_PRODUCT = YES;
			};
			name = Release;
		};
		3C7B4DFF14FC78A1003121FE /* Debug */ = {
			isa = XCBuildConfiguration;
			buildSettings = {
				DSTROOT = /tmp/ofxGeneric.dst;
				OTHER_LDFLAGS = "-ObjC";
				PRODUCT_NAME = "$(TARGET_NAME)";
				SKIP_INSTALL = YES;
			};
			name = Debug;
		};
		3C7B4E0014FC78A1003121FE /* Release */ = {
			isa = XCBuildConfiguration;
			buildSettings = {
				DSTROOT = /tmp/ofxGeneric.dst;
				OTHER_LDFLAGS = "-ObjC";
				PRODUCT_NAME = "$(TARGET_NAME)";
				SKIP_INSTALL = YES;
			};
			name = Release;
		};
/* End XCBuildConfiguration section */

/* Begin XCConfigurationList section */
		3C7B4DD414FC78A0003121FE /* Build configuration list for PBXProject "ofxGeneric" */ = {
			isa = XCConfigurationList;
			buildConfigurations = (
				3C7B4DFC14FC78A1003121FE /* Debug */,
				3C7B4DFD14FC78A1003121FE /* Release */,
			);
			defaultConfigurationIsVisible = 0;
			defaultConfigurationName = Release;
		};
		3C7B4DFE14FC78A1003121FE /* Build configuration list for PBXNativeTarget "ofxGeneric" */ = {
			isa = XCConfigurationList;
			buildConfigurations = (
				3C7B4DFF14FC78A1003121FE /* Debug */,
				3C7B4E0014FC78A1003121FE /* Release */,
			);
			defaultConfigurationIsVisible = 0;
			defaultConfigurationName = Release;
		};
/* End XCConfigurationList section */
	};
	rootObject = 3C7B4DD114FC78A0003121FE /* Project object */;
}
